{
  "version": 4,
  "terraform_version": "0.13.0",
  "serial": 214,
  "lineage": "b7b12a9d-7033-5986-7a40-3073c95c49d5",
  "outputs": {
    "alb_dns_name": {
      "value": "ext-alb-654994484.us-east-1.elb.amazonaws.com",
      "type": "string"
    },
    "availability_zone": {
      "value": [
        "us-east-1a",
        "us-east-1b",
        "us-east-1c",
        "us-east-1d",
        "us-east-1e",
        "us-east-1f"
      ],
      "type": [
        "list",
        "string"
      ]
    },
    "aws_lb_target_group_arn": {
      "value": "arn:aws:elasticloadbalancing:us-east-1:941866453236:targetgroup/nginx-tgt/8a02fae149400c5c",
      "type": "string"
    }
  },
  "resources": [
    {
      "mode": "data",
      "type": "aws_availability_zones",
      "name": "available",
      "provider": "provider[\"registry.terraform.io/hashicorp/aws\"]",
      "instances": [
        {
          "schema_version": 0,
          "attributes": {
            "all_availability_zones": null,
            "exclude_names": null,
            "exclude_zone_ids": null,
            "filter": null,
            "group_names": [
              "us-east-1"
            ],
            "id": "us-east-1",
            "names": [
              "us-east-1a",
              "us-east-1b",
              "us-east-1c",
              "us-east-1d",
              "us-east-1e",
              "us-east-1f"
            ],
            "state": "available",
            "timeouts": null,
            "zone_ids": [
              "use1-az6",
              "use1-az1",
              "use1-az2",
              "use1-az4",
              "use1-az3",
              "use1-az5"
            ]
          }
        }
      ]
    },
    {
      "mode": "data",
      "type": "aws_route53_zone",
      "name": "bb",
      "provider": "provider[\"registry.terraform.io/hashicorp/aws\"]",
      "instances": [
        {
          "schema_version": 0,
          "attributes": {
            "arn": "arn:aws:route53:::hostedzone/Z004008112JW92RHI2F9H",
            "caller_reference": "7027045a-77d4-4a24-8245-e28b71d34a2a",
            "comment": "my hosted zone created to be called in terraform",
            "id": "Z004008112JW92RHI2F9H",
            "linked_service_description": null,
            "linked_service_principal": null,
            "name": "bbwest.online",
            "name_servers": [
              "ns-136.awsdns-17.com",
              "ns-1043.awsdns-02.org",
              "ns-690.awsdns-22.net",
              "ns-1824.awsdns-36.co.uk"
            ],
            "primary_name_server": "ns-136.awsdns-17.com",
            "private_zone": false,
            "resource_record_set_count": 5,
            "tags": {
              "NAME": "Hosted-zone calling"
            },
            "vpc_id": null,
            "zone_id": "Z004008112JW92RHI2F9H"
          }
        }
      ]
    },
    {
      "mode": "managed",
      "type": "aws_acm_certificate",
      "name": "bb",
      "provider": "provider[\"registry.terraform.io/hashicorp/aws\"]",
      "instances": [
        {
          "schema_version": 0,
          "attributes": {
            "arn": "arn:aws:acm:us-east-1:941866453236:certificate/7c7d63b2-0592-41b4-ad84-9646177bff1f",
            "certificate_authority_arn": "",
            "certificate_body": null,
            "certificate_chain": null,
            "domain_name": "*.bbwest.online",
            "domain_validation_options": [
              {
                "domain_name": "*.bbwest.online",
                "resource_record_name": "_3b6366651231d6d9dc82c2fde06fe116.bbwest.online.",
                "resource_record_type": "CNAME",
                "resource_record_value": "_5d61f7cf9b7385cd575c5c68867cc4fc.jpxlwdfnnn.acm-validations.aws."
              }
            ],
            "early_renewal_duration": "",
            "id": "arn:aws:acm:us-east-1:941866453236:certificate/7c7d63b2-0592-41b4-ad84-9646177bff1f",
            "key_algorithm": "RSA_2048",
            "not_after": "2024-10-22T23:59:59Z",
            "not_before": "2023-09-24T00:00:00Z",
            "options": [
              {
                "certificate_transparency_logging_preference": "ENABLED"
              }
            ],
            "pending_renewal": false,
            "private_key": null,
            "renewal_eligibility": "ELIGIBLE",
            "renewal_summary": [],
            "status": "ISSUED",
            "subject_alternative_names": [
              "*.bbwest.online"
            ],
            "tags": {},
            "tags_all": {},
            "type": "AMAZON_ISSUED",
            "validation_emails": [],
            "validation_method": "DNS",
            "validation_option": []
          },
          "private": "bnVsbA=="
        }
      ]
    },
    {
      "mode": "managed",
      "type": "aws_acm_certificate_validation",
      "name": "bb",
      "provider": "provider[\"registry.terraform.io/hashicorp/aws\"]",
      "instances": [
        {
          "schema_version": 0,
          "attributes": {
            "certificate_arn": "arn:aws:acm:us-east-1:941866453236:certificate/7c7d63b2-0592-41b4-ad84-9646177bff1f",
            "id": "2023-09-24 16:39:46.192 +0000 UTC",
            "timeouts": null,
            "validation_record_fqdns": [
              "_3b6366651231d6d9dc82c2fde06fe116.bbwest.online"
            ]
          },
          "private": "eyJlMmJmYjczMC1lY2FhLTExZTYtOGY4OC0zNDM2M2JjN2M0YzAiOnsiY3JlYXRlIjo0NTAwMDAwMDAwMDAwfX0=",
          "dependencies": [
            "aws_acm_certificate.bb",
            "aws_route53_record.bb",
            "data.aws_route53_zone.bb"
          ]
        }
      ]
    },
    {
      "mode": "managed",
      "type": "aws_autoscaling_attachment",
      "name": "asg_attachment_nginx",
      "provider": "provider[\"registry.terraform.io/hashicorp/aws\"]",
      "instances": [
        {
          "schema_version": 0,
          "attributes": {
            "autoscaling_group_name": "nginx",
            "elb": null,
            "id": "nginx-20230925225613844000000007",
            "lb_target_group_arn": "arn:aws:elasticloadbalancing:us-east-1:941866453236:targetgroup/nginx-tgt/8a02fae149400c5c"
          },
          "private": "bnVsbA==",
          "dependencies": [
            "aws_autoscaling_group.nginx-asg",
            "aws_launch_template.nginx-launch-template",
            "aws_lb_target_group.nginx-tgt",
            "aws_subnet.public",
            "data.aws_availability_zones.available"
          ]
        }
      ]
    },
    {
      "mode": "managed",
      "type": "aws_autoscaling_attachment",
      "name": "asg_attachment_tooling",
      "provider": "provider[\"registry.terraform.io/hashicorp/aws\"]",
      "instances": [
        {
          "schema_version": 0,
          "attributes": {
            "autoscaling_group_name": "tooling-asg",
            "elb": null,
            "id": "tooling-asg-20230925234555117000000001",
            "lb_target_group_arn": "arn:aws:elasticloadbalancing:us-east-1:941866453236:targetgroup/bb-tooling-tgt/26fb892120a5a6b7"
          },
          "private": "bnVsbA==",
          "dependencies": [
            "aws_autoscaling_group.tooling-asg",
            "aws_launch_template.tooling-launch-template",
            "aws_lb_target_group.tooling-tgt",
            "aws_subnet.private",
            "data.aws_availability_zones.available"
          ]
        }
      ]
    },
    {
      "mode": "managed",
      "type": "aws_autoscaling_attachment",
      "name": "asg_attachment_wordpress",
      "provider": "provider[\"registry.terraform.io/hashicorp/aws\"]",
      "instances": [
        {
          "schema_version": 0,
          "attributes": {
            "autoscaling_group_name": "wordpress-asg",
            "elb": null,
            "id": "wordpress-asg-20230925234151420400000008",
            "lb_target_group_arn": "arn:aws:elasticloadbalancing:us-east-1:941866453236:targetgroup/wordpress-tgt/f5be34c2e8fb0cc3"
          },
          "private": "bnVsbA==",
          "dependencies": [
            "aws_autoscaling_group.wordpress-asg",
            "aws_iam_instance_profile.ip",
            "aws_launch_template.wordpress-launch-template",
            "aws_lb_target_group.wordpress-tgt",
            "aws_security_group.webserver-sg",
            "aws_subnet.private",
            "data.aws_availability_zones.available"
          ]
        }
      ]
    },
    {
      "mode": "managed",
      "type": "aws_autoscaling_group",
      "name": "bastion-asg",
      "provider": "provider[\"registry.terraform.io/hashicorp/aws\"]",
      "instances": [
        {
          "schema_version": 1,
          "attributes": {
            "arn": "arn:aws:autoscaling:us-east-1:941866453236:autoScalingGroup:e4657fb9-212f-44c3-a1c4-c451847d892c:autoScalingGroupName/bastion-asg",
            "availability_zones": [
              "us-east-1a",
              "us-east-1b"
            ],
            "capacity_rebalance": false,
            "context": "",
            "default_cooldown": 300,
            "default_instance_warmup": 0,
            "desired_capacity": 2,
            "desired_capacity_type": "",
            "enabled_metrics": [],
            "force_delete": false,
            "force_delete_warm_pool": false,
            "health_check_grace_period": 300,
            "health_check_type": "ELB",
            "id": "bastion-asg",
            "ignore_failed_scaling_activities": false,
            "initial_lifecycle_hook": [],
            "instance_refresh": [],
            "launch_configuration": "",
            "launch_template": [
              {
                "id": "lt-05e1db0cd3b1da974",
                "name": "terraform-20230925234105345000000003",
                "version": "$Latest"
              }
            ],
            "load_balancers": [],
            "max_instance_lifetime": 0,
            "max_size": 2,
            "metrics_granularity": "1Minute",
            "min_elb_capacity": null,
            "min_size": 2,
            "mixed_instances_policy": [],
            "name": "bastion-asg",
            "name_prefix": "",
            "placement_group": "",
            "predicted_capacity": 0,
            "protect_from_scale_in": false,
            "service_linked_role_arn": "arn:aws:iam::941866453236:role/aws-service-role/autoscaling.amazonaws.com/AWSServiceRoleForAutoScaling",
            "suspended_processes": [],
            "tag": [
              {
                "key": "Name",
                "propagate_at_launch": true,
                "value": "bastion-BB"
              }
            ],
            "target_group_arns": [],
            "termination_policies": [],
            "timeouts": null,
            "traffic_source": [],
            "vpc_zone_identifier": [
              "subnet-0e909168b2cce3197",
              "subnet-0eb9eeb6f45b5ef6c"
            ],
            "wait_for_capacity_timeout": "10m",
            "wait_for_elb_capacity": null,
            "warm_pool": [],
            "warm_pool_size": 0
          },
          "private": "eyJlMmJmYjczMC1lY2FhLTExZTYtOGY4OC0zNDM2M2JjN2M0YzAiOnsiZGVsZXRlIjo2MDAwMDAwMDAwMDAsInVwZGF0ZSI6NjAwMDAwMDAwMDAwfSwic2NoZW1hX3ZlcnNpb24iOiIxIn0=",
          "dependencies": [
            "aws_launch_template.bastion-launch-template",
            "aws_subnet.public",
            "data.aws_availability_zones.available"
          ]
        }
      ]
    },
    {
      "mode": "managed",
      "type": "aws_autoscaling_group",
      "name": "nginx-asg",
      "provider": "provider[\"registry.terraform.io/hashicorp/aws\"]",
      "instances": [
        {
          "schema_version": 1,
          "attributes": {
            "arn": "arn:aws:autoscaling:us-east-1:941866453236:autoScalingGroup:12151fbe-530e-42a5-83aa-076e1e49ce8e:autoScalingGroupName/nginx",
            "availability_zones": [
              "us-east-1a",
              "us-east-1b"
            ],
            "capacity_rebalance": false,
            "context": "",
            "default_cooldown": 300,
            "default_instance_warmup": 0,
            "desired_capacity": 2,
            "desired_capacity_type": "",
            "enabled_metrics": [],
            "force_delete": false,
            "force_delete_warm_pool": false,
            "health_check_grace_period": 300,
            "health_check_type": "ELB",
            "id": "nginx",
            "ignore_failed_scaling_activities": false,
            "initial_lifecycle_hook": [],
            "instance_refresh": [],
            "launch_configuration": "",
            "launch_template": [
              {
                "id": "lt-0115b0d48bc00125b",
                "name": "terraform-20230925222810784800000006",
                "version": "$Latest"
              }
            ],
            "load_balancers": [],
            "max_instance_lifetime": 0,
            "max_size": 2,
            "metrics_granularity": "1Minute",
            "min_elb_capacity": null,
            "min_size": 2,
            "mixed_instances_policy": [],
            "name": "nginx",
            "name_prefix": "",
            "placement_group": "",
            "predicted_capacity": 0,
            "protect_from_scale_in": false,
            "service_linked_role_arn": "arn:aws:iam::941866453236:role/aws-service-role/autoscaling.amazonaws.com/AWSServiceRoleForAutoScaling",
            "suspended_processes": [],
            "tag": [
              {
                "key": "Name",
                "propagate_at_launch": true,
                "value": "nginx-BB"
              }
            ],
            "target_group_arns": [
              "arn:aws:elasticloadbalancing:us-east-1:941866453236:targetgroup/nginx-tgt/8a02fae149400c5c"
            ],
            "termination_policies": [],
            "timeouts": null,
            "traffic_source": [
              {
                "identifier": "arn:aws:elasticloadbalancing:us-east-1:941866453236:targetgroup/nginx-tgt/8a02fae149400c5c",
                "type": "elbv2"
              }
            ],
            "vpc_zone_identifier": [
              "subnet-0e909168b2cce3197",
              "subnet-0eb9eeb6f45b5ef6c"
            ],
            "wait_for_capacity_timeout": "10m",
            "wait_for_elb_capacity": null,
            "warm_pool": [],
            "warm_pool_size": 0
          },
          "private": "eyJlMmJmYjczMC1lY2FhLTExZTYtOGY4OC0zNDM2M2JjN2M0YzAiOnsiZGVsZXRlIjo2MDAwMDAwMDAwMDAsInVwZGF0ZSI6NjAwMDAwMDAwMDAwfSwic2NoZW1hX3ZlcnNpb24iOiIxIn0=",
          "dependencies": [
            "aws_launch_template.nginx-launch-template",
            "aws_subnet.public",
            "data.aws_availability_zones.available"
          ]
        }
      ]
    },
    {
      "mode": "managed",
      "type": "aws_autoscaling_group",
      "name": "tooling-asg",
      "provider": "provider[\"registry.terraform.io/hashicorp/aws\"]",
      "instances": [
        {
          "schema_version": 1,
          "attributes": {
            "arn": "arn:aws:autoscaling:us-east-1:941866453236:autoScalingGroup:8d1a6402-fbf2-493a-a993-81951b7dffc8:autoScalingGroupName/tooling-asg",
            "availability_zones": [
              "us-east-1a",
              "us-east-1b"
            ],
            "capacity_rebalance": false,
            "context": "",
            "default_cooldown": 300,
            "default_instance_warmup": 0,
            "desired_capacity": 2,
            "desired_capacity_type": "",
            "enabled_metrics": [],
            "force_delete": false,
            "force_delete_warm_pool": false,
            "health_check_grace_period": 300,
            "health_check_type": "ELB",
            "id": "tooling-asg",
            "ignore_failed_scaling_activities": false,
            "initial_lifecycle_hook": [],
            "instance_refresh": [],
            "launch_configuration": "",
            "launch_template": [
              {
                "id": "lt-0a019f413a835a4c5",
                "name": "terraform-20230925234105343600000001",
                "version": "$Latest"
              }
            ],
            "load_balancers": [],
            "max_instance_lifetime": 0,
            "max_size": 2,
            "metrics_granularity": "1Minute",
            "min_elb_capacity": null,
            "min_size": 1,
            "mixed_instances_policy": [],
            "name": "tooling-asg",
            "name_prefix": "",
            "placement_group": "",
            "predicted_capacity": 0,
            "protect_from_scale_in": false,
            "service_linked_role_arn": "arn:aws:iam::941866453236:role/aws-service-role/autoscaling.amazonaws.com/AWSServiceRoleForAutoScaling",
            "suspended_processes": [],
            "tag": [
              {
                "key": "Name",
                "propagate_at_launch": true,
                "value": "tooling-BB"
              }
            ],
            "target_group_arns": [
              "arn:aws:elasticloadbalancing:us-east-1:941866453236:targetgroup/bb-tooling-tgt/26fb892120a5a6b7"
            ],
            "termination_policies": [],
            "timeouts": null,
            "traffic_source": [
              {
                "identifier": "arn:aws:elasticloadbalancing:us-east-1:941866453236:targetgroup/bb-tooling-tgt/26fb892120a5a6b7",
                "type": "elbv2"
              }
            ],
            "vpc_zone_identifier": [
              "subnet-07802a6da0ac01953",
              "subnet-0fcb87b2aa8e66a24"
            ],
            "wait_for_capacity_timeout": "10m",
            "wait_for_elb_capacity": null,
            "warm_pool": [],
            "warm_pool_size": 0
          },
          "private": "eyJlMmJmYjczMC1lY2FhLTExZTYtOGY4OC0zNDM2M2JjN2M0YzAiOnsiZGVsZXRlIjo2MDAwMDAwMDAwMDAsInVwZGF0ZSI6NjAwMDAwMDAwMDAwfSwic2NoZW1hX3ZlcnNpb24iOiIxIn0=",
          "dependencies": [
            "aws_launch_template.tooling-launch-template",
            "aws_subnet.private",
            "data.aws_availability_zones.available"
          ]
        }
      ]
    },
    {
      "mode": "managed",
      "type": "aws_autoscaling_group",
      "name": "wordpress-asg",
      "provider": "provider[\"registry.terraform.io/hashicorp/aws\"]",
      "instances": [
        {
          "schema_version": 1,
          "attributes": {
            "arn": "arn:aws:autoscaling:us-east-1:941866453236:autoScalingGroup:d7663020-58af-40b3-a23d-55aec2ff1858:autoScalingGroupName/wordpress-asg",
            "availability_zones": [
              "us-east-1a",
              "us-east-1b"
            ],
            "capacity_rebalance": false,
            "context": "",
            "default_cooldown": 300,
            "default_instance_warmup": 0,
            "desired_capacity": 2,
            "desired_capacity_type": "",
            "enabled_metrics": [],
            "force_delete": false,
            "force_delete_warm_pool": false,
            "health_check_grace_period": 300,
            "health_check_type": "ELB",
            "id": "wordpress-asg",
            "ignore_failed_scaling_activities": false,
            "initial_lifecycle_hook": [],
            "instance_refresh": [],
            "launch_configuration": "",
            "launch_template": [
              {
                "id": "lt-0ea5e079b3645e938",
                "name": "terraform-20230925234105345300000005",
                "version": "$Latest"
              }
            ],
            "load_balancers": [],
            "max_instance_lifetime": 0,
            "max_size": 2,
            "metrics_granularity": "1Minute",
            "min_elb_capacity": null,
            "min_size": 1,
            "mixed_instances_policy": [],
            "name": "wordpress-asg",
            "name_prefix": "",
            "placement_group": "",
            "predicted_capacity": 0,
            "protect_from_scale_in": false,
            "service_linked_role_arn": "arn:aws:iam::941866453236:role/aws-service-role/autoscaling.amazonaws.com/AWSServiceRoleForAutoScaling",
            "suspended_processes": [],
            "tag": [
              {
                "key": "Name",
                "propagate_at_launch": true,
                "value": "wordpress-BB"
              }
            ],
            "target_group_arns": [
              "arn:aws:elasticloadbalancing:us-east-1:941866453236:targetgroup/wordpress-tgt/f5be34c2e8fb0cc3"
            ],
            "termination_policies": [],
            "timeouts": null,
            "traffic_source": [
              {
                "identifier": "arn:aws:elasticloadbalancing:us-east-1:941866453236:targetgroup/wordpress-tgt/f5be34c2e8fb0cc3",
                "type": "elbv2"
              }
            ],
            "vpc_zone_identifier": [
              "subnet-07802a6da0ac01953",
              "subnet-0fcb87b2aa8e66a24"
            ],
            "wait_for_capacity_timeout": "10m",
            "wait_for_elb_capacity": null,
            "warm_pool": [],
            "warm_pool_size": 0
          },
          "private": "eyJlMmJmYjczMC1lY2FhLTExZTYtOGY4OC0zNDM2M2JjN2M0YzAiOnsiZGVsZXRlIjo2MDAwMDAwMDAwMDAsInVwZGF0ZSI6NjAwMDAwMDAwMDAwfSwic2NoZW1hX3ZlcnNpb24iOiIxIn0=",
          "dependencies": [
            "aws_launch_template.wordpress-launch-template",
            "aws_subnet.private",
            "data.aws_availability_zones.available"
          ]
        }
      ]
    },
    {
      "mode": "managed",
      "type": "aws_autoscaling_notification",
      "name": "BB_notification",
      "provider": "provider[\"registry.terraform.io/hashicorp/aws\"]",
      "instances": [
        {
          "schema_version": 0,
          "attributes": {
            "group_names": [
              "bastion-asg",
              "nginx",
              "tooling-asg",
              "wordpress-asg"
            ],
            "id": "arn:aws:sns:us-east-1:941866453236:Default_Cloudwatch_Alarms_Topic",
            "notifications": [
              "autoscaling:EC2_INSTANCE_LAUNCH",
              "autoscaling:EC2_INSTANCE_LAUNCH_ERROR",
              "autoscaling:EC2_INSTANCE_TERMINATE",
              "autoscaling:EC2_INSTANCE_TERMINATE_ERROR"
            ],
            "topic_arn": "arn:aws:sns:us-east-1:941866453236:Default_Cloudwatch_Alarms_Topic"
          },
          "private": "bnVsbA==",
          "dependencies": [
            "aws_autoscaling_group.bastion-asg",
            "aws_autoscaling_group.nginx-asg",
            "aws_autoscaling_group.tooling-asg",
            "aws_autoscaling_group.wordpress-asg",
            "aws_launch_template.tooling-launch-template",
            "aws_sns_topic.BB-sns",
            "aws_subnet.private",
            "data.aws_availability_zones.available"
          ]
        }
      ]
    },
    {
      "mode": "managed",
      "type": "aws_db_instance",
      "name": "bb-rds",
      "provider": "provider[\"registry.terraform.io/hashicorp/aws\"]",
      "instances": [
        {
          "schema_version": 2,
          "attributes": {
            "address": "terraform-20230926021427464400000001.cbhh0h7s4vgi.us-east-1.rds.amazonaws.com",
            "allocated_storage": 20,
            "allow_major_version_upgrade": null,
            "apply_immediately": false,
            "arn": "arn:aws:rds:us-east-1:941866453236:db:terraform-20230926021427464400000001",
            "auto_minor_version_upgrade": true,
            "availability_zone": "us-east-1c",
            "backup_retention_period": 0,
            "backup_target": "region",
            "backup_window": "07:49-08:19",
            "blue_green_update": [],
            "ca_cert_identifier": "rds-ca-2019",
            "character_set_name": "",
            "copy_tags_to_snapshot": false,
            "custom_iam_instance_profile": "",
            "customer_owned_ip_enabled": false,
            "db_name": "",
            "db_subnet_group_name": "bb-rds",
            "delete_automated_backups": true,
            "deletion_protection": false,
            "domain": "",
            "domain_iam_role_name": "",
            "enabled_cloudwatch_logs_exports": [],
            "endpoint": "terraform-20230926021427464400000001.cbhh0h7s4vgi.us-east-1.rds.amazonaws.com:3306",
            "engine": "mysql",
            "engine_version": "5.7",
            "engine_version_actual": "5.7.42",
            "final_snapshot_identifier": null,
            "hosted_zone_id": "Z2R2ITUGPM61AM",
            "iam_database_authentication_enabled": false,
            "id": "db-WYW5MV2RBUF6SYDLX63UNPKJMU",
            "identifier": "terraform-20230926021427464400000001",
            "identifier_prefix": "terraform-",
            "instance_class": "db.t2.micro",
            "iops": 0,
            "kms_key_id": "",
            "latest_restorable_time": "",
            "license_model": "general-public-license",
            "listener_endpoint": [],
            "maintenance_window": "mon:04:16-mon:04:46",
            "manage_master_user_password": null,
            "master_user_secret": [],
            "master_user_secret_kms_key_id": null,
            "max_allocated_storage": 0,
            "monitoring_interval": 0,
            "monitoring_role_arn": "",
            "multi_az": true,
            "nchar_character_set_name": "",
            "network_type": "IPV4",
            "option_group_name": "default:mysql-5-7",
            "parameter_group_name": "default.mysql5.7",
            "password": "adminBanjo",
            "performance_insights_enabled": false,
            "performance_insights_kms_key_id": "",
            "performance_insights_retention_period": 0,
            "port": 3306,
            "publicly_accessible": false,
            "replica_mode": "",
            "replicas": [],
            "replicate_source_db": "",
            "resource_id": "db-WYW5MV2RBUF6SYDLX63UNPKJMU",
            "restore_to_point_in_time": [],
            "s3_import": [],
            "skip_final_snapshot": true,
            "snapshot_identifier": null,
            "status": "available",
            "storage_encrypted": false,
            "storage_throughput": 0,
            "storage_type": "gp2",
            "tags": {},
            "tags_all": {},
            "timeouts": null,
            "timezone": "",
            "username": "admin",
            "vpc_security_group_ids": [
              "sg-054739c9ef13e76bf"
            ]
          },
          "private": "eyJlMmJmYjczMC1lY2FhLTExZTYtOGY4OC0zNDM2M2JjN2M0YzAiOnsiY3JlYXRlIjoyNDAwMDAwMDAwMDAwLCJkZWxldGUiOjM2MDAwMDAwMDAwMDAsInVwZGF0ZSI6NDgwMDAwMDAwMDAwMH0sInNjaGVtYV92ZXJzaW9uIjoiMiJ9",
          "dependencies": [
            "aws_db_subnet_group.bb-rds",
            "aws_security_group.datalayer-sg",
            "aws_subnet.private",
            "data.aws_availability_zones.available"
          ]
        }
      ]
    },
    {
      "mode": "managed",
      "type": "aws_db_subnet_group",
      "name": "bb-rds",
      "provider": "provider[\"registry.terraform.io/hashicorp/aws\"]",
      "instances": [
        {
          "schema_version": 0,
          "attributes": {
            "arn": "arn:aws:rds:us-east-1:941866453236:subgrp:bb-rds",
            "description": "Managed by Terraform",
            "id": "bb-rds",
            "name": "bb-rds",
            "name_prefix": "",
            "subnet_ids": [
              "subnet-0c8721fce78b12710",
              "subnet-0e88161daf5b82264"
            ],
            "supported_network_types": [
              "IPV4"
            ],
            "tags": {
              "Name": "BB-rds"
            },
            "tags_all": {
              "Name": "BB-rds"
            },
            "vpc_id": "vpc-0b3c3deac84272a5a"
          },
          "private": "bnVsbA==",
          "dependencies": [
            "aws_subnet.private",
            "data.aws_availability_zones.available"
          ]
        }
      ]
    },
    {
      "mode": "managed",
      "type": "aws_efs_access_point",
      "name": "tooling",
      "provider": "provider[\"registry.terraform.io/hashicorp/aws\"]",
      "instances": [
        {
          "schema_version": 0,
          "attributes": {
            "arn": "arn:aws:elasticfilesystem:us-east-1:941866453236:access-point/fsap-056cecd23232527a1",
            "file_system_arn": "arn:aws:elasticfilesystem:us-east-1:941866453236:file-system/fs-0532b16050fccdfcd",
            "file_system_id": "fs-0532b16050fccdfcd",
            "id": "fsap-056cecd23232527a1",
            "owner_id": "941866453236",
            "posix_user": [
              {
                "gid": 0,
                "secondary_gids": null,
                "uid": 0
              }
            ],
            "root_directory": [
              {
                "creation_info": [
                  {
                    "owner_gid": 0,
                    "owner_uid": 0,
                    "permissions": "755"
                  }
                ],
                "path": "/tooling"
              }
            ],
            "tags": null,
            "tags_all": {}
          },
          "private": "bnVsbA==",
          "dependencies": [
            "aws_efs_file_system.bb-efs",
            "aws_kms_key.bb-key"
          ]
        }
      ]
    },
    {
      "mode": "managed",
      "type": "aws_efs_access_point",
      "name": "wordpress",
      "provider": "provider[\"registry.terraform.io/hashicorp/aws\"]",
      "instances": [
        {
          "schema_version": 0,
          "attributes": {
            "arn": "arn:aws:elasticfilesystem:us-east-1:941866453236:access-point/fsap-005259e5e330761e8",
            "file_system_arn": "arn:aws:elasticfilesystem:us-east-1:941866453236:file-system/fs-0532b16050fccdfcd",
            "file_system_id": "fs-0532b16050fccdfcd",
            "id": "fsap-005259e5e330761e8",
            "owner_id": "941866453236",
            "posix_user": [
              {
                "gid": 0,
                "secondary_gids": null,
                "uid": 0
              }
            ],
            "root_directory": [
              {
                "creation_info": [
                  {
                    "owner_gid": 0,
                    "owner_uid": 0,
                    "permissions": "755"
                  }
                ],
                "path": "/wordpress"
              }
            ],
            "tags": null,
            "tags_all": {}
          },
          "private": "bnVsbA==",
          "dependencies": [
            "aws_efs_file_system.bb-efs",
            "aws_kms_key.bb-key"
          ]
        }
      ]
    },
    {
      "mode": "managed",
      "type": "aws_efs_file_system",
      "name": "bb-efs",
      "provider": "provider[\"registry.terraform.io/hashicorp/aws\"]",
      "instances": [
        {
          "schema_version": 0,
          "attributes": {
            "arn": "arn:aws:elasticfilesystem:us-east-1:941866453236:file-system/fs-0532b16050fccdfcd",
            "availability_zone_id": "",
            "availability_zone_name": "",
            "creation_token": "terraform-20230926031453521400000001",
            "dns_name": "fs-0532b16050fccdfcd.efs.us-east-1.amazonaws.com",
            "encrypted": true,
            "id": "fs-0532b16050fccdfcd",
            "kms_key_id": "arn:aws:kms:us-east-1:941866453236:key/913789be-91ed-4a00-b0d4-4db11b45f41e",
            "lifecycle_policy": [],
            "name": "BB-efs",
            "number_of_mount_targets": 0,
            "owner_id": "941866453236",
            "performance_mode": "generalPurpose",
            "provisioned_throughput_in_mibps": 0,
            "size_in_bytes": [
              {
                "value": 6144,
                "value_in_ia": 0,
                "value_in_standard": 6144
              }
            ],
            "tags": {
              "Name": "BB-efs"
            },
            "tags_all": {
              "Name": "BB-efs"
            },
            "throughput_mode": "bursting"
          },
          "private": "bnVsbA==",
          "dependencies": [
            "aws_kms_key.bb-key"
          ]
        }
      ]
    },
    {
      "mode": "managed",
      "type": "aws_efs_mount_target",
      "name": "subnet-1",
      "provider": "provider[\"registry.terraform.io/hashicorp/aws\"]",
      "instances": [
        {
          "schema_version": 0,
          "attributes": {
            "availability_zone_id": "use1-az6",
            "availability_zone_name": "us-east-1a",
            "dns_name": "fs-0532b16050fccdfcd.efs.us-east-1.amazonaws.com",
            "file_system_arn": "arn:aws:elasticfilesystem:us-east-1:941866453236:file-system/fs-0532b16050fccdfcd",
            "file_system_id": "fs-0532b16050fccdfcd",
            "id": "fsmt-0ed6d530d1c29e469",
            "ip_address": "10.0.2.131",
            "mount_target_dns_name": "us-east-1a.fs-0532b16050fccdfcd.efs.us-east-1.amazonaws.com",
            "network_interface_id": "eni-09fcdb403a88b531a",
            "owner_id": "941866453236",
            "security_groups": [
              "sg-054739c9ef13e76bf"
            ],
            "subnet_id": "subnet-0fcb87b2aa8e66a24",
            "timeouts": null
          },
          "private": "eyJlMmJmYjczMC1lY2FhLTExZTYtOGY4OC0zNDM2M2JjN2M0YzAiOnsiY3JlYXRlIjoxODAwMDAwMDAwMDAwLCJkZWxldGUiOjYwMDAwMDAwMDAwMH19",
          "dependencies": [
            "aws_efs_file_system.bb-efs",
            "aws_kms_key.bb-key",
            "aws_security_group.datalayer-sg",
            "aws_subnet.private",
            "data.aws_availability_zones.available"
          ]
        }
      ]
    },
    {
      "mode": "managed",
      "type": "aws_efs_mount_target",
      "name": "subnet-2",
      "provider": "provider[\"registry.terraform.io/hashicorp/aws\"]",
      "instances": [
        {
          "schema_version": 0,
          "attributes": {
            "availability_zone_id": "use1-az1",
            "availability_zone_name": "us-east-1b",
            "dns_name": "fs-0532b16050fccdfcd.efs.us-east-1.amazonaws.com",
            "file_system_arn": "arn:aws:elasticfilesystem:us-east-1:941866453236:file-system/fs-0532b16050fccdfcd",
            "file_system_id": "fs-0532b16050fccdfcd",
            "id": "fsmt-021ceeaabfc13a9cf",
            "ip_address": "10.0.3.158",
            "mount_target_dns_name": "us-east-1b.fs-0532b16050fccdfcd.efs.us-east-1.amazonaws.com",
            "network_interface_id": "eni-0312433f38c1ce466",
            "owner_id": "941866453236",
            "security_groups": [
              "sg-054739c9ef13e76bf"
            ],
            "subnet_id": "subnet-07802a6da0ac01953",
            "timeouts": null
          },
          "private": "eyJlMmJmYjczMC1lY2FhLTExZTYtOGY4OC0zNDM2M2JjN2M0YzAiOnsiY3JlYXRlIjoxODAwMDAwMDAwMDAwLCJkZWxldGUiOjYwMDAwMDAwMDAwMH19",
          "dependencies": [
            "aws_efs_file_system.bb-efs",
            "aws_kms_key.bb-key",
            "aws_security_group.datalayer-sg",
            "aws_subnet.private",
            "data.aws_availability_zones.available"
          ]
        }
      ]
    },
    {
      "mode": "managed",
      "type": "aws_eip",
      "name": "nat_eip",
      "provider": "provider[\"registry.terraform.io/hashicorp/aws\"]",
      "instances": [
        {
          "schema_version": 0,
          "attributes": {
            "address": null,
            "allocation_id": "eipalloc-0c7e4adba80d7f162",
            "associate_with_private_ip": null,
            "association_id": "eipassoc-066b61d29270aca1f",
            "carrier_ip": "",
            "customer_owned_ip": "",
            "customer_owned_ipv4_pool": "",
            "domain": "vpc",
            "id": "eipalloc-0c7e4adba80d7f162",
            "instance": "",
            "network_border_group": "us-east-1",
            "network_interface": "eni-0b2e3467d5cf0e572",
            "private_dns": "ip-10-0-0-123.ec2.internal",
            "private_ip": "10.0.0.123",
            "public_dns": "ec2-18-214-21-174.compute-1.amazonaws.com",
            "public_ip": "18.214.21.174",
            "public_ipv4_pool": "amazon",
            "tags": {
              "Billing_Account": "78934728914",
              "Managed-By": "Terraform",
              "Name": "BB-EIP-Dev",
              "Owner-Email": "ken2klass4real@gmail.com"
            },
            "tags_all": {
              "Billing_Account": "78934728914",
              "Managed-By": "Terraform",
              "Name": "BB-EIP-Dev",
              "Owner-Email": "ken2klass4real@gmail.com"
            },
            "timeouts": null,
            "vpc": true
          },
          "private": "eyJlMmJmYjczMC1lY2FhLTExZTYtOGY4OC0zNDM2M2JjN2M0YzAiOnsiZGVsZXRlIjoxODAwMDAwMDAwMDAsInJlYWQiOjkwMDAwMDAwMDAwMCwidXBkYXRlIjozMDAwMDAwMDAwMDB9fQ==",
          "dependencies": [
            "aws_internet_gateway.ig",
            "aws_vpc.main"
          ]
        }
      ]
    },
    {
      "mode": "managed",
      "type": "aws_iam_instance_profile",
      "name": "ip",
      "provider": "provider[\"registry.terraform.io/hashicorp/aws\"]",
      "instances": [
        {
          "schema_version": 0,
          "attributes": {
            "arn": "arn:aws:iam::941866453236:instance-profile/aws_instance_profile_test",
            "create_date": "2023-09-25T22:28:09Z",
            "id": "aws_instance_profile_test",
            "name": "aws_instance_profile_test",
            "name_prefix": "",
            "path": "/",
            "role": "ec2_instance_role",
            "tags": {},
            "tags_all": {},
            "unique_id": "AIPA5WS45RD2NEE735A7O"
          },
          "private": "bnVsbA==",
          "dependencies": [
            "aws_iam_role.ec2_instance_role"
          ],
          "create_before_destroy": true
        }
      ]
    },
    {
      "mode": "managed",
      "type": "aws_iam_policy",
      "name": "policy",
      "provider": "provider[\"registry.terraform.io/hashicorp/aws\"]",
      "instances": [
        {
          "schema_version": 0,
          "attributes": {
            "arn": "arn:aws:iam::941866453236:policy/ec2_instance_policy",
            "description": "A test Policy",
            "id": "arn:aws:iam::941866453236:policy/ec2_instance_policy",
            "name": "ec2_instance_policy",
            "name_prefix": "",
            "path": "/",
            "policy": "{\"Statement\":[{\"Action\":[\"ec2:Describe*\"],\"Effect\":\"Allow\",\"Resource\":\"*\"}],\"Version\":\"2012-10-17\"}",
            "policy_id": "ANPA5WS45RD2CBFJ5F3JQ",
            "tags": {
              "Environment": "Dev",
              "Name": "aws assume policy"
            },
            "tags_all": {
              "Environment": "Dev",
              "Name": "aws assume policy"
            }
          },
          "private": "bnVsbA=="
        }
      ]
    },
    {
      "mode": "managed",
      "type": "aws_iam_role",
      "name": "ec2_instance_role",
      "provider": "provider[\"registry.terraform.io/hashicorp/aws\"]",
      "instances": [
        {
          "schema_version": 0,
          "attributes": {
            "arn": "arn:aws:iam::941866453236:role/ec2_instance_role",
            "assume_role_policy": "{\"Statement\":[{\"Action\":\"sts:AssumeRole\",\"Effect\":\"Allow\",\"Principal\":{\"Service\":\"ec2.amazonaws.com\"},\"Sid\":\"\"}],\"Version\":\"2012-10-17\"}",
            "create_date": "2023-09-25T22:28:07Z",
            "description": "",
            "force_detach_policies": false,
            "id": "ec2_instance_role",
            "inline_policy": [],
            "managed_policy_arns": [
              "arn:aws:iam::941866453236:policy/ec2_instance_policy"
            ],
            "max_session_duration": 3600,
            "name": "ec2_instance_role",
            "name_prefix": "",
            "path": "/",
            "permissions_boundary": null,
            "tags": {
              "Environment": "Dev",
              "Name": "aws assume role"
            },
            "tags_all": {
              "Environment": "Dev",
              "Name": "aws assume role"
            },
            "unique_id": "AROA5WS45RD2I4NPF6LX2"
          },
          "private": "bnVsbA==",
          "create_before_destroy": true
        }
      ]
    },
    {
      "mode": "managed",
      "type": "aws_iam_role_policy_attachment",
      "name": "test-attach",
      "provider": "provider[\"registry.terraform.io/hashicorp/aws\"]",
      "instances": [
        {
          "schema_version": 0,
          "attributes": {
            "id": "ec2_instance_role-20230925222809186100000001",
            "policy_arn": "arn:aws:iam::941866453236:policy/ec2_instance_policy",
            "role": "ec2_instance_role"
          },
          "private": "bnVsbA==",
          "dependencies": [
            "aws_iam_policy.policy",
            "aws_iam_role.ec2_instance_role"
          ]
        }
      ]
    },
    {
      "mode": "managed",
      "type": "aws_internet_gateway",
      "name": "ig",
      "provider": "provider[\"registry.terraform.io/hashicorp/aws\"]",
      "instances": [
        {
          "schema_version": 0,
          "attributes": {
            "arn": "arn:aws:ec2:us-east-1:941866453236:internet-gateway/igw-07b883e2b2a086452",
            "id": "igw-07b883e2b2a086452",
            "owner_id": "941866453236",
            "tags": {
              "Billing_Account": "78934728914",
              "Managed-By": "Terraform",
              "Name": "BB-vpc-0b3c3deac84272a5a-IG!",
              "Owner-Email": "ken2klass4real@gmail.com"
            },
            "tags_all": {
              "Billing_Account": "78934728914",
              "Managed-By": "Terraform",
              "Name": "BB-vpc-0b3c3deac84272a5a-IG!",
              "Owner-Email": "ken2klass4real@gmail.com"
            },
            "timeouts": null,
            "vpc_id": "vpc-0b3c3deac84272a5a"
          },
          "private": "eyJlMmJmYjczMC1lY2FhLTExZTYtOGY4OC0zNDM2M2JjN2M0YzAiOnsiY3JlYXRlIjoxMjAwMDAwMDAwMDAwLCJkZWxldGUiOjEyMDAwMDAwMDAwMDAsInVwZGF0ZSI6MTIwMDAwMDAwMDAwMH19",
          "dependencies": [
            "aws_vpc.main"
          ]
        }
      ]
    },
    {
      "mode": "managed",
      "type": "aws_kms_alias",
      "name": "alias",
      "provider": "provider[\"registry.terraform.io/hashicorp/aws\"]",
      "instances": [
        {
          "schema_version": 0,
          "attributes": {
            "arn": "arn:aws:kms:us-east-1:941866453236:alias/kms",
            "id": "alias/kms",
            "name": "alias/kms",
            "name_prefix": "",
            "target_key_arn": "arn:aws:kms:us-east-1:941866453236:key/913789be-91ed-4a00-b0d4-4db11b45f41e",
            "target_key_id": "913789be-91ed-4a00-b0d4-4db11b45f41e"
          },
          "private": "bnVsbA==",
          "dependencies": [
            "aws_kms_key.bb-key"
          ]
        }
      ]
    },
    {
      "mode": "managed",
      "type": "aws_kms_key",
      "name": "bb-key",
      "provider": "provider[\"registry.terraform.io/hashicorp/aws\"]",
      "instances": [
        {
          "schema_version": 0,
          "attributes": {
            "arn": "arn:aws:kms:us-east-1:941866453236:key/913789be-91ed-4a00-b0d4-4db11b45f41e",
            "bypass_policy_lockout_safety_check": false,
            "custom_key_store_id": "",
            "customer_master_key_spec": "SYMMETRIC_DEFAULT",
            "deletion_window_in_days": null,
            "description": "KMS key",
            "enable_key_rotation": false,
            "id": "913789be-91ed-4a00-b0d4-4db11b45f41e",
            "is_enabled": true,
            "key_id": "913789be-91ed-4a00-b0d4-4db11b45f41e",
            "key_usage": "ENCRYPT_DECRYPT",
            "multi_region": false,
            "policy": "{\"Id\":\"kms-key-policy\",\"Statement\":[{\"Action\":\"kms:*\",\"Effect\":\"Allow\",\"Principal\":{\"AWS\":\"arn:aws:iam::941866453236:user/terraform\"},\"Resource\":\"*\",\"Sid\":\"Enable IAM User Permissions\"}],\"Version\":\"2012-10-17\"}",
            "tags": null,
            "tags_all": {}
          },
          "private": "bnVsbA=="
        }
      ]
    },
    {
      "mode": "managed",
      "type": "aws_launch_template",
      "name": "bastion-launch-template",
      "provider": "provider[\"registry.terraform.io/hashicorp/aws\"]",
      "instances": [
        {
          "schema_version": 0,
          "attributes": {
            "arn": "arn:aws:ec2:us-east-1:941866453236:launch-template/lt-05e1db0cd3b1da974",
            "block_device_mappings": [],
            "capacity_reservation_specification": [],
            "cpu_options": [],
            "credit_specification": [],
            "default_version": 1,
            "description": "",
            "disable_api_stop": false,
            "disable_api_termination": false,
            "ebs_optimized": "",
            "elastic_gpu_specifications": [],
            "elastic_inference_accelerator": [],
            "enclave_options": [],
            "hibernation_options": [],
            "iam_instance_profile": [
              {
                "arn": "",
                "name": "aws_instance_profile_test"
              }
            ],
            "id": "lt-05e1db0cd3b1da974",
            "image_id": "ami-053b0d53c279acc90",
            "instance_initiated_shutdown_behavior": "",
            "instance_market_options": [],
            "instance_requirements": [],
            "instance_type": "t2.micro",
            "kernel_id": "",
            "key_name": "terra",
            "latest_version": 1,
            "license_specification": [],
            "maintenance_options": [],
            "metadata_options": [],
            "monitoring": [],
            "name": "terraform-20230925234105345000000003",
            "name_prefix": "terraform-",
            "network_interfaces": [],
            "placement": [
              {
                "affinity": "",
                "availability_zone": "random_shuffle.az_list.result",
                "group_name": "",
                "host_id": "",
                "host_resource_group_arn": "",
                "partition_number": 0,
                "spread_domain": "",
                "tenancy": ""
              }
            ],
            "private_dns_name_options": [],
            "ram_disk_id": "",
            "security_group_names": [],
            "tag_specifications": [
              {
                "resource_type": "instance",
                "tags": {
                  "Name": "bastion-launch-template"
                }
              }
            ],
            "tags": {},
            "tags_all": {},
            "update_default_version": null,
            "user_data": "I2Jhc3Rpb24gdXNlcmRhdGEKIyEvYmluL2Jhc2gvCnl1bSBpbnN0YWxsIC15IG15c3FsCnl1bSBpbnN0YWxsIC15IGdpdCB0bXV4Cnl1bSBpbnN0YWxsIC15IGFuc2libGUK",
            "vpc_security_group_ids": [
              "sg-06cf079a0eb0ea7c8"
            ]
          },
          "private": "bnVsbA==",
          "dependencies": [
            "aws_iam_instance_profile.ip",
            "aws_security_group.bastion_sg"
          ],
          "create_before_destroy": true
        }
      ]
    },
    {
      "mode": "managed",
      "type": "aws_launch_template",
      "name": "nginx-launch-template",
      "provider": "provider[\"registry.terraform.io/hashicorp/aws\"]",
      "instances": [
        {
          "schema_version": 0,
          "attributes": {
            "arn": "arn:aws:ec2:us-east-1:941866453236:launch-template/lt-0115b0d48bc00125b",
            "block_device_mappings": [],
            "capacity_reservation_specification": [],
            "cpu_options": [],
            "credit_specification": [],
            "default_version": 1,
            "description": "",
            "disable_api_stop": false,
            "disable_api_termination": false,
            "ebs_optimized": "",
            "elastic_gpu_specifications": [],
            "elastic_inference_accelerator": [],
            "enclave_options": [],
            "hibernation_options": [],
            "iam_instance_profile": [
              {
                "arn": "",
                "name": "aws_instance_profile_test"
              }
            ],
            "id": "lt-0115b0d48bc00125b",
            "image_id": "ami-053b0d53c279acc90",
            "instance_initiated_shutdown_behavior": "",
            "instance_market_options": [],
            "instance_requirements": [],
            "instance_type": "t2.micro",
            "kernel_id": "",
            "key_name": "terra",
            "latest_version": 3,
            "license_specification": [],
            "maintenance_options": [],
            "metadata_options": [],
            "monitoring": [],
            "name": "terraform-20230925222810784800000006",
            "name_prefix": "terraform-",
            "network_interfaces": [],
            "placement": [
              {
                "affinity": "",
                "availability_zone": "random_shuffle.az_list.result",
                "group_name": "",
                "host_id": "",
                "host_resource_group_arn": "",
                "partition_number": 0,
                "spread_domain": "",
                "tenancy": ""
              }
            ],
            "private_dns_name_options": [],
            "ram_disk_id": "",
            "security_group_names": [],
            "tag_specifications": [
              {
                "resource_type": "instance",
                "tags": {
                  "Name": "nginx-launch-template"
                }
              }
            ],
            "tags": {},
            "tags_all": {},
            "update_default_version": null,
            "user_data": "eXVtIGluc3RhbGwgLXkgbmdpbngKc3lzdGVtY3RsIHN0YXJ0IG5naW54CnN5c3RlbWN0bCBlbmFibGUgbmdpbngKZ2l0IGNsb25lIGh0dHBzOi8vZ2l0aHViLmNvbS9MaXZpbnN0b25lOTUvQUNTLXByb2plY3QtY29uZmlnLmdpdAptdiAvQUNTLXByb2plY3QtY29uZmlnL3JldmVyc2UuY29uZiAvZXRjL25naW54LwpjZCAvZXRjL25naW54CnRvdWNoIG5naW54LmNvbmYKc2VkIC1uICd3IG5naW54LmNvbmYnIHJldmVyc2UuY29uZgpzeXN0ZW1jdGwgcmVzdGFydCBuZ2lueApybSAtcmYgcmV2ZXJzZS5jb25mCnJlIC1yZiAvQUNTLXByb2plY3QtY29uZmln",
            "vpc_security_group_ids": [
              "sg-08bc8fd32a514c096"
            ]
          },
          "private": "bnVsbA==",
          "dependencies": [
            "aws_iam_instance_profile.ip",
            "aws_security_group.nginx-sg"
          ],
          "create_before_destroy": true
        }
      ]
    },
    {
      "mode": "managed",
      "type": "aws_launch_template",
      "name": "tooling-launch-template",
      "provider": "provider[\"registry.terraform.io/hashicorp/aws\"]",
      "instances": [
        {
          "schema_version": 0,
          "attributes": {
            "arn": "arn:aws:ec2:us-east-1:941866453236:launch-template/lt-0a019f413a835a4c5",
            "block_device_mappings": [],
            "capacity_reservation_specification": [],
            "cpu_options": [],
            "credit_specification": [],
            "default_version": 1,
            "description": "",
            "disable_api_stop": false,
            "disable_api_termination": false,
            "ebs_optimized": "",
            "elastic_gpu_specifications": [],
            "elastic_inference_accelerator": [],
            "enclave_options": [],
            "hibernation_options": [],
            "iam_instance_profile": [
              {
                "arn": "",
                "name": "aws_instance_profile_test"
              }
            ],
            "id": "lt-0a019f413a835a4c5",
            "image_id": "ami-053b0d53c279acc90",
            "instance_initiated_shutdown_behavior": "",
            "instance_market_options": [],
            "instance_requirements": [],
            "instance_type": "t2.micro",
            "kernel_id": "",
            "key_name": "terra",
            "latest_version": 1,
            "license_specification": [],
            "maintenance_options": [],
            "metadata_options": [],
            "monitoring": [],
            "name": "terraform-20230925234105343600000001",
            "name_prefix": "terraform-",
            "network_interfaces": [],
            "placement": [
              {
                "affinity": "",
                "availability_zone": "random_shuffle.az_list.result",
                "group_name": "",
                "host_id": "",
                "host_resource_group_arn": "",
                "partition_number": 0,
                "spread_domain": "",
                "tenancy": ""
              }
            ],
            "private_dns_name_options": [],
            "ram_disk_id": "",
            "security_group_names": [],
            "tag_specifications": [
              {
                "resource_type": "instance",
                "tags": {
                  "Name": "tooling-launch-template"
                }
              }
            ],
            "tags": {},
            "tags_all": {},
            "update_default_version": null,
            "user_data": "IyEvYmluL2Jhc2gKbWtkaXIgL3Zhci93d3cvCnN1ZG8gbW91bnQgLXQgZWZzIC1vIHRscyxhY2Nlc3Nwb2ludD1mc2FwLTAwYjMxYzgwNGUzNzYzYjUyIGZzLTBhZWY5OTc5M2Y1NDJmNDIzOi8gL3Zhci93d3cvCnl1bSBpbnN0YWxsIC15IGh0dHBkIApzeXN0ZW1jdGwgc3RhcnQgaHR0cGQKc3lzdGVtY3RsIGVuYWJsZSBodHRwZAp5dW0gbW9kdWxlIHJlc2V0IHBocCAteQp5dW0gbW9kdWxlIGVuYWJsZSBwaHA6cmVtaS03LjQgLXkKeXVtIGluc3RhbGwgLXkgcGhwIHBocC1jb21tb24gcGhwLW1ic3RyaW5nIHBocC1vcGNhY2hlIHBocC1pbnRsIHBocC14bWwgcGhwLWdkIHBocC1jdXJsIHBocC1teXNxbG5kIHBocC1mcG0gcGhwLWpzb24Kc3lzdGVtY3RsIHN0YXJ0IHBocC1mcG0Kc3lzdGVtY3RsIGVuYWJsZSBwaHAtZnBtCmdpdCBjbG9uZSBodHRwczovL2dpdGh1Yi5jb20vTGl2aW5nc3RvbmU5NS90b29saW5nLTEuZ2l0Cm1rZGlyIC92YXIvd3d3L2h0bWwKY3AgLVIgL3Rvb2xpbmctMS9odG1sLyogIC92YXIvd3d3L2h0bWwvCmNkIC90b29saW5nLTEKbXlzcWwgLWggYmItZGF0YWJhc2UuY2phaWZvM3N0OTR0LnVzLWVhc3QtMS5yZHMuYW1hem9uYXdzLmNvbSAtdSBhZG1pbiAtcCB0b29saW5nZGIgPCB0b29saW5nLWRiLnNxbApjZCAvdmFyL3d3dy9odG1sLwp0b3VjaCBoZWFsdGhzdGF0dXMKc2VkIC1pICJzLyRkYiA9IG15c3FsaV9jb25uZWN0KCdteXNxbC50b29saW5nLnN2Yy5jbHVzdGVyLmxvY2FsJywgJ2FkbWluJywgJ2FkbWluJywgJ3Rvb2xpbmcnKTsvJGRiID0gbXlzcWxpX2Nvbm5lY3QoJ2JiLWRhdGFiYXNlLmNqYWlmbzNzdDk0dC51cy1lYXN0LTEucmRzLmFtYXpvbmF3cy5jb20nLCAnYWRtaW4nLCAnYWRtaW4xMjM0JywgJ3Rvb2xpbmdkYicpOy9nIiBmdW5jdGlvbnMucGhwCmNoY29uIC10IGh0dHBkX3N5c19yd19jb250ZW50X3QgL3Zhci93d3cvaHRtbC8gLVIKc3lzdGVtY3RsIHJlc3RhcnQgaHR0cGQ=",
            "vpc_security_group_ids": [
              "sg-0946fbabb4ce658de"
            ]
          },
          "private": "bnVsbA==",
          "dependencies": [
            "aws_iam_instance_profile.ip",
            "aws_security_group.webserver-sg"
          ],
          "create_before_destroy": true
        }
      ]
    },
    {
      "mode": "managed",
      "type": "aws_launch_template",
      "name": "wordpress-launch-template",
      "provider": "provider[\"registry.terraform.io/hashicorp/aws\"]",
      "instances": [
        {
          "schema_version": 0,
          "attributes": {
            "arn": "arn:aws:ec2:us-east-1:941866453236:launch-template/lt-0ea5e079b3645e938",
            "block_device_mappings": [],
            "capacity_reservation_specification": [],
            "cpu_options": [],
            "credit_specification": [],
            "default_version": 1,
            "description": "",
            "disable_api_stop": false,
            "disable_api_termination": false,
            "ebs_optimized": "",
            "elastic_gpu_specifications": [],
            "elastic_inference_accelerator": [],
            "enclave_options": [],
            "hibernation_options": [],
            "iam_instance_profile": [
              {
                "arn": "",
                "name": "aws_instance_profile_test"
              }
            ],
            "id": "lt-0ea5e079b3645e938",
            "image_id": "ami-053b0d53c279acc90",
            "instance_initiated_shutdown_behavior": "",
            "instance_market_options": [],
            "instance_requirements": [],
            "instance_type": "t2.micro",
            "kernel_id": "",
            "key_name": "terra",
            "latest_version": 1,
            "license_specification": [],
            "maintenance_options": [],
            "metadata_options": [],
            "monitoring": [],
            "name": "terraform-20230925234105345300000005",
            "name_prefix": "terraform-",
            "network_interfaces": [],
            "placement": [
              {
                "affinity": "",
                "availability_zone": "random_shuffle.az_list.result",
                "group_name": "",
                "host_id": "",
                "host_resource_group_arn": "",
                "partition_number": 0,
                "spread_domain": "",
                "tenancy": ""
              }
            ],
            "private_dns_name_options": [],
            "ram_disk_id": "",
            "security_group_names": [],
            "tag_specifications": [
              {
                "resource_type": "instance",
                "tags": {
                  "Name": "wordpress-launch-template"
                }
              }
            ],
            "tags": {},
            "tags_all": {},
            "update_default_version": null,
            "user_data": "IyEvYmluL2Jhc2gKbWtkaXIgL3Zhci93d3cvCnN1ZG8gbW91bnQgLXQgZWZzIC1vIHRscyxhY2Nlc3Nwb2ludD1mc2FwLTAzYTlkNWMyNWJhZWM4YjI0IGZzLTBhZWY5OTc5M2Y1NDJmNDIzOi8gL3Zhci93d3cvCnl1bSBpbnN0YWxsIC15IGh0dHBkIApzeXN0ZW1jdGwgc3RhcnQgaHR0cGQKc3lzdGVtY3RsIGVuYWJsZSBodHRwZAp5dW0gbW9kdWxlIHJlc2V0IHBocCAteQp5dW0gbW9kdWxlIGVuYWJsZSBwaHA6cmVtaS03LjQgLXkKeXVtIGluc3RhbGwgLXkgcGhwIHBocC1jb21tb24gcGhwLW1ic3RyaW5nIHBocC1vcGNhY2hlIHBocC1pbnRsIHBocC14bWwgcGhwLWdkIHBocC1jdXJsIHBocC1teXNxbG5kIHBocC1mcG0gcGhwLWpzb24Kc3lzdGVtY3RsIHN0YXJ0IHBocC1mcG0Kc3lzdGVtY3RsIGVuYWJsZSBwaHAtZnBtCndnZXQgaHR0cDovL3dvcmRwcmVzcy5vcmcvbGF0ZXN0LnRhci5negp0YXIgeHp2ZiBsYXRlc3QudGFyLmd6CnJtIC1yZiBsYXRlc3QudGFyLmd6CmNwIHdvcmRwcmVzcy93cC1jb25maWctc2FtcGxlLnBocCB3b3JkcHJlc3Mvd3AtY29uZmlnLnBocApta2RpciAvdmFyL3d3dy9odG1sLwpjcCAtUiAvd29yZHByZXNzLyogL3Zhci93d3cvaHRtbC8KY2QgL3Zhci93d3cvaHRtbC8KdG91Y2ggaGVhbHRoc3RhdHVzCnNlZCAtaSAicy9sb2NhbGhvc3QvYmItZGF0YWJhc2UuY2phaWZvM3N0OTR0LnVzLWVhc3QtMS5yZHMuYW1hem9uYXdzLmNvbS9nIiB3cC1jb25maWcucGhwIApzZWQgLWkgInMvdXNlcm5hbWVfaGVyZS9hZG1pbi9nIiB3cC1jb25maWcucGhwIApzZWQgLWkgInMvcGFzc3dvcmRfaGVyZS9hZG1pbjEyMzQvZyIgd3AtY29uZmlnLnBocCAKc2VkIC1pICJzL2RhdGFiYXNlX25hbWVfaGVyZS93b3JkcHJlc3NkYi9nIiB3cC1jb25maWcucGhwIApjaGNvbiAtdCBodHRwZF9zeXNfcndfY29udGVudF90IC92YXIvd3d3L2h0bWwvIC1SCnN5c3RlbWN0bCByZXN0YXJ0IGh0dHBk",
            "vpc_security_group_ids": [
              "sg-0946fbabb4ce658de"
            ]
          },
          "private": "bnVsbA==",
          "dependencies": [
            "aws_iam_instance_profile.ip",
            "aws_security_group.webserver-sg"
          ],
          "create_before_destroy": true
        }
      ]
    },
    {
      "mode": "managed",
      "type": "aws_lb",
      "name": "ext-alb",
      "provider": "provider[\"registry.terraform.io/hashicorp/aws\"]",
      "instances": [
        {
          "schema_version": 0,
          "attributes": {
            "access_logs": [
              {
                "bucket": "",
                "enabled": false,
                "prefix": ""
              }
            ],
            "arn": "arn:aws:elasticloadbalancing:us-east-1:941866453236:loadbalancer/app/ext-alb/d195f3afd8dc844f",
            "arn_suffix": "app/ext-alb/d195f3afd8dc844f",
            "customer_owned_ipv4_pool": "",
            "desync_mitigation_mode": "defensive",
            "dns_name": "ext-alb-654994484.us-east-1.elb.amazonaws.com",
            "drop_invalid_header_fields": false,
            "enable_cross_zone_load_balancing": true,
            "enable_deletion_protection": false,
            "enable_http2": true,
            "enable_tls_version_and_cipher_suite_headers": false,
            "enable_waf_fail_open": false,
            "enable_xff_client_port": false,
            "id": "arn:aws:elasticloadbalancing:us-east-1:941866453236:loadbalancer/app/ext-alb/d195f3afd8dc844f",
            "idle_timeout": 60,
            "internal": false,
            "ip_address_type": "ipv4",
            "load_balancer_type": "application",
            "name": "ext-alb",
            "name_prefix": null,
            "preserve_host_header": false,
            "security_groups": [
              "sg-05e672a911908891b"
            ],
            "subnet_mapping": [
              {
                "allocation_id": "",
                "ipv6_address": "",
                "outpost_id": "",
                "private_ipv4_address": "",
                "subnet_id": "subnet-0e909168b2cce3197"
              },
              {
                "allocation_id": "",
                "ipv6_address": "",
                "outpost_id": "",
                "private_ipv4_address": "",
                "subnet_id": "subnet-0eb9eeb6f45b5ef6c"
              }
            ],
            "subnets": [
              "subnet-0e909168b2cce3197",
              "subnet-0eb9eeb6f45b5ef6c"
            ],
            "tags": {
              "Name": "nginx-alb"
            },
            "tags_all": {
              "Name": "nginx-alb"
            },
            "timeouts": null,
            "vpc_id": "vpc-0b3c3deac84272a5a",
            "xff_header_processing_mode": "append",
            "zone_id": "Z35SXDOTRQ7X7K"
          },
          "private": "eyJlMmJmYjczMC1lY2FhLTExZTYtOGY4OC0zNDM2M2JjN2M0YzAiOnsiY3JlYXRlIjo2MDAwMDAwMDAwMDAsImRlbGV0ZSI6NjAwMDAwMDAwMDAwLCJ1cGRhdGUiOjYwMDAwMDAwMDAwMH19",
          "dependencies": [
            "aws_security_group.ext-alb-sg",
            "aws_subnet.public",
            "aws_vpc.main",
            "data.aws_availability_zones.available"
          ]
        }
      ]
    },
    {
      "mode": "managed",
      "type": "aws_lb",
      "name": "ialb",
      "provider": "provider[\"registry.terraform.io/hashicorp/aws\"]",
      "instances": [
        {
          "schema_version": 0,
          "attributes": {
            "access_logs": [
              {
                "bucket": "",
                "enabled": false,
                "prefix": ""
              }
            ],
            "arn": "arn:aws:elasticloadbalancing:us-east-1:941866453236:loadbalancer/app/ialb/11519d3e8cef273a",
            "arn_suffix": "app/ialb/11519d3e8cef273a",
            "customer_owned_ipv4_pool": "",
            "desync_mitigation_mode": "defensive",
            "dns_name": "internal-ialb-422078921.us-east-1.elb.amazonaws.com",
            "drop_invalid_header_fields": false,
            "enable_cross_zone_load_balancing": true,
            "enable_deletion_protection": false,
            "enable_http2": true,
            "enable_tls_version_and_cipher_suite_headers": false,
            "enable_waf_fail_open": false,
            "enable_xff_client_port": false,
            "id": "arn:aws:elasticloadbalancing:us-east-1:941866453236:loadbalancer/app/ialb/11519d3e8cef273a",
            "idle_timeout": 60,
            "internal": true,
            "ip_address_type": "ipv4",
            "load_balancer_type": "application",
            "name": "ialb",
            "name_prefix": null,
            "preserve_host_header": false,
            "security_groups": [
              "sg-077f9c282468df94d"
            ],
            "subnet_mapping": [
              {
                "allocation_id": "",
                "ipv6_address": "",
                "outpost_id": "",
                "private_ipv4_address": "",
                "subnet_id": "subnet-07802a6da0ac01953"
              },
              {
                "allocation_id": "",
                "ipv6_address": "",
                "outpost_id": "",
                "private_ipv4_address": "",
                "subnet_id": "subnet-0fcb87b2aa8e66a24"
              }
            ],
            "subnets": [
              "subnet-07802a6da0ac01953",
              "subnet-0fcb87b2aa8e66a24"
            ],
            "tags": {
              "Name": "ialb"
            },
            "tags_all": {
              "Name": "ialb"
            },
            "timeouts": null,
            "vpc_id": "vpc-0b3c3deac84272a5a",
            "xff_header_processing_mode": "append",
            "zone_id": "Z35SXDOTRQ7X7K"
          },
          "private": "eyJlMmJmYjczMC1lY2FhLTExZTYtOGY4OC0zNDM2M2JjN2M0YzAiOnsiY3JlYXRlIjo2MDAwMDAwMDAwMDAsImRlbGV0ZSI6NjAwMDAwMDAwMDAwLCJ1cGRhdGUiOjYwMDAwMDAwMDAwMH19",
          "dependencies": [
            "aws_security_group.int-alb-sg",
            "aws_subnet.private",
            "aws_vpc.main",
            "data.aws_availability_zones.available"
          ]
        }
      ]
    },
    {
      "mode": "managed",
      "type": "aws_lb_listener",
      "name": "nginx-listener",
      "provider": "provider[\"registry.terraform.io/hashicorp/aws\"]",
      "instances": [
        {
          "schema_version": 0,
          "attributes": {
            "alpn_policy": null,
            "arn": "arn:aws:elasticloadbalancing:us-east-1:941866453236:listener/app/ext-alb/d195f3afd8dc844f/b773414c6387b9fd",
            "certificate_arn": "arn:aws:acm:us-east-1:941866453236:certificate/7c7d63b2-0592-41b4-ad84-9646177bff1f",
            "default_action": [
              {
                "authenticate_cognito": [],
                "authenticate_oidc": [],
                "fixed_response": [],
                "forward": [],
                "order": 1,
                "redirect": [],
                "target_group_arn": "arn:aws:elasticloadbalancing:us-east-1:941866453236:targetgroup/nginx-tgt/8a02fae149400c5c",
                "type": "forward"
              }
            ],
            "id": "arn:aws:elasticloadbalancing:us-east-1:941866453236:listener/app/ext-alb/d195f3afd8dc844f/b773414c6387b9fd",
            "load_balancer_arn": "arn:aws:elasticloadbalancing:us-east-1:941866453236:loadbalancer/app/ext-alb/d195f3afd8dc844f",
            "port": 443,
            "protocol": "HTTPS",
            "ssl_policy": "ELBSecurityPolicy-2016-08",
            "tags": {},
            "tags_all": {},
            "timeouts": null
          },
          "private": "eyJlMmJmYjczMC1lY2FhLTExZTYtOGY4OC0zNDM2M2JjN2M0YzAiOnsicmVhZCI6NjAwMDAwMDAwMDAwfX0=",
          "dependencies": [
            "aws_acm_certificate.bb",
            "aws_acm_certificate_validation.bb",
            "aws_lb.ext-alb",
            "aws_lb_target_group.nginx-tgt",
            "aws_route53_record.bb",
            "aws_security_group.ext-alb-sg",
            "aws_subnet.public",
            "aws_vpc.main",
            "data.aws_availability_zones.available",
            "data.aws_route53_zone.bb"
          ]
        }
      ]
    },
    {
      "mode": "managed",
      "type": "aws_lb_listener",
      "name": "web-listener",
      "provider": "provider[\"registry.terraform.io/hashicorp/aws\"]",
      "instances": [
        {
          "schema_version": 0,
          "attributes": {
            "alpn_policy": null,
            "arn": "arn:aws:elasticloadbalancing:us-east-1:941866453236:listener/app/ialb/11519d3e8cef273a/802eea8dd71ebe44",
            "certificate_arn": "arn:aws:acm:us-east-1:941866453236:certificate/7c7d63b2-0592-41b4-ad84-9646177bff1f",
            "default_action": [
              {
                "authenticate_cognito": [],
                "authenticate_oidc": [],
                "fixed_response": [],
                "forward": [],
                "order": 1,
                "redirect": [],
                "target_group_arn": "arn:aws:elasticloadbalancing:us-east-1:941866453236:targetgroup/wordpress-tgt/f5be34c2e8fb0cc3",
                "type": "forward"
              }
            ],
            "id": "arn:aws:elasticloadbalancing:us-east-1:941866453236:listener/app/ialb/11519d3e8cef273a/802eea8dd71ebe44",
            "load_balancer_arn": "arn:aws:elasticloadbalancing:us-east-1:941866453236:loadbalancer/app/ialb/11519d3e8cef273a",
            "port": 443,
            "protocol": "HTTPS",
            "ssl_policy": "ELBSecurityPolicy-2016-08",
            "tags": {},
            "tags_all": {},
            "timeouts": null
          },
          "private": "eyJlMmJmYjczMC1lY2FhLTExZTYtOGY4OC0zNDM2M2JjN2M0YzAiOnsicmVhZCI6NjAwMDAwMDAwMDAwfX0=",
          "dependencies": [
            "aws_acm_certificate.bb",
            "aws_acm_certificate_validation.bb",
            "aws_lb.ialb",
            "aws_lb_target_group.wordpress-tgt",
            "aws_route53_record.bb",
            "aws_security_group.int-alb-sg",
            "aws_subnet.private",
            "aws_vpc.main",
            "data.aws_availability_zones.available",
            "data.aws_route53_zone.bb"
          ]
        }
      ]
    },
    {
      "mode": "managed",
      "type": "aws_lb_listener_rule",
      "name": "tooling-listener",
      "provider": "provider[\"registry.terraform.io/hashicorp/aws\"]",
      "instances": [
        {
          "schema_version": 0,
          "attributes": {
            "action": [
              {
                "authenticate_cognito": [],
                "authenticate_oidc": [],
                "fixed_response": [],
                "forward": [],
                "order": 1,
                "redirect": [],
                "target_group_arn": "arn:aws:elasticloadbalancing:us-east-1:941866453236:targetgroup/bb-tooling-tgt/26fb892120a5a6b7",
                "type": "forward"
              }
            ],
            "arn": "arn:aws:elasticloadbalancing:us-east-1:941866453236:listener-rule/app/ialb/11519d3e8cef273a/802eea8dd71ebe44/01ed3044ce809da7",
            "condition": [
              {
                "host_header": [
                  {
                    "values": [
                      "tooling.bbwest.online"
                    ]
                  }
                ],
                "http_header": [],
                "http_request_method": [],
                "path_pattern": [],
                "query_string": [],
                "source_ip": []
              }
            ],
            "id": "arn:aws:elasticloadbalancing:us-east-1:941866453236:listener-rule/app/ialb/11519d3e8cef273a/802eea8dd71ebe44/01ed3044ce809da7",
            "listener_arn": "arn:aws:elasticloadbalancing:us-east-1:941866453236:listener/app/ialb/11519d3e8cef273a/802eea8dd71ebe44",
            "priority": 99,
            "tags": {},
            "tags_all": {}
          },
          "private": "bnVsbA==",
          "dependencies": [
            "aws_acm_certificate.bb",
            "aws_acm_certificate_validation.bb",
            "aws_lb.ialb",
            "aws_lb_listener.web-listener",
            "aws_lb_target_group.tooling-tgt",
            "aws_lb_target_group.wordpress-tgt",
            "aws_route53_record.bb",
            "aws_security_group.int-alb-sg",
            "aws_subnet.private",
            "aws_vpc.main",
            "data.aws_availability_zones.available",
            "data.aws_route53_zone.bb"
          ]
        }
      ]
    },
    {
      "mode": "managed",
      "type": "aws_lb_target_group",
      "name": "nginx-tgt",
      "provider": "provider[\"registry.terraform.io/hashicorp/aws\"]",
      "instances": [
        {
          "schema_version": 0,
          "attributes": {
            "arn": "arn:aws:elasticloadbalancing:us-east-1:941866453236:targetgroup/nginx-tgt/8a02fae149400c5c",
            "arn_suffix": "targetgroup/nginx-tgt/8a02fae149400c5c",
            "connection_termination": false,
            "deregistration_delay": "300",
            "health_check": [
              {
                "enabled": true,
                "healthy_threshold": 5,
                "interval": 10,
                "matcher": "200",
                "path": "/healthstatus",
                "port": "traffic-port",
                "protocol": "HTTPS",
                "timeout": 5,
                "unhealthy_threshold": 2
              }
            ],
            "id": "arn:aws:elasticloadbalancing:us-east-1:941866453236:targetgroup/nginx-tgt/8a02fae149400c5c",
            "ip_address_type": "ipv4",
            "lambda_multi_value_headers_enabled": false,
            "load_balancing_algorithm_type": "round_robin",
            "load_balancing_cross_zone_enabled": "use_load_balancer_configuration",
            "name": "nginx-tgt",
            "name_prefix": null,
            "port": 443,
            "preserve_client_ip": null,
            "protocol": "HTTPS",
            "protocol_version": "HTTP1",
            "proxy_protocol_v2": false,
            "slow_start": 0,
            "stickiness": [
              {
                "cookie_duration": 86400,
                "cookie_name": "",
                "enabled": false,
                "type": "lb_cookie"
              }
            ],
            "tags": {},
            "tags_all": {},
            "target_failover": [
              {
                "on_deregistration": null,
                "on_unhealthy": null
              }
            ],
            "target_type": "instance",
            "vpc_id": "vpc-0b3c3deac84272a5a"
          },
          "private": "bnVsbA==",
          "dependencies": [
            "aws_vpc.main"
          ]
        }
      ]
    },
    {
      "mode": "managed",
      "type": "aws_lb_target_group",
      "name": "tooling-tgt",
      "provider": "provider[\"registry.terraform.io/hashicorp/aws\"]",
      "instances": [
        {
          "schema_version": 0,
          "attributes": {
            "arn": "arn:aws:elasticloadbalancing:us-east-1:941866453236:targetgroup/bb-tooling-tgt/26fb892120a5a6b7",
            "arn_suffix": "targetgroup/bb-tooling-tgt/26fb892120a5a6b7",
            "connection_termination": false,
            "deregistration_delay": "300",
            "health_check": [
              {
                "enabled": true,
                "healthy_threshold": 5,
                "interval": 10,
                "matcher": "200",
                "path": "/healthstatus",
                "port": "traffic-port",
                "protocol": "HTTPS",
                "timeout": 5,
                "unhealthy_threshold": 2
              }
            ],
            "id": "arn:aws:elasticloadbalancing:us-east-1:941866453236:targetgroup/bb-tooling-tgt/26fb892120a5a6b7",
            "ip_address_type": "ipv4",
            "lambda_multi_value_headers_enabled": false,
            "load_balancing_algorithm_type": "round_robin",
            "load_balancing_cross_zone_enabled": "use_load_balancer_configuration",
            "name": "bb-tooling-tgt",
            "name_prefix": null,
            "port": 443,
            "preserve_client_ip": null,
            "protocol": "HTTPS",
            "protocol_version": "HTTP1",
            "proxy_protocol_v2": false,
            "slow_start": 0,
            "stickiness": [
              {
                "cookie_duration": 86400,
                "cookie_name": "",
                "enabled": false,
                "type": "lb_cookie"
              }
            ],
            "tags": {},
            "tags_all": {},
            "target_failover": [
              {
                "on_deregistration": null,
                "on_unhealthy": null
              }
            ],
            "target_type": "instance",
            "vpc_id": "vpc-0b3c3deac84272a5a"
          },
          "private": "bnVsbA==",
          "dependencies": [
            "aws_vpc.main"
          ]
        }
      ]
    },
    {
      "mode": "managed",
      "type": "aws_lb_target_group",
      "name": "wordpress-tgt",
      "provider": "provider[\"registry.terraform.io/hashicorp/aws\"]",
      "instances": [
        {
          "schema_version": 0,
          "attributes": {
            "arn": "arn:aws:elasticloadbalancing:us-east-1:941866453236:targetgroup/wordpress-tgt/f5be34c2e8fb0cc3",
            "arn_suffix": "targetgroup/wordpress-tgt/f5be34c2e8fb0cc3",
            "connection_termination": false,
            "deregistration_delay": "300",
            "health_check": [
              {
                "enabled": true,
                "healthy_threshold": 5,
                "interval": 10,
                "matcher": "200",
                "path": "/healthstatus",
                "port": "traffic-port",
                "protocol": "HTTPS",
                "timeout": 5,
                "unhealthy_threshold": 2
              }
            ],
            "id": "arn:aws:elasticloadbalancing:us-east-1:941866453236:targetgroup/wordpress-tgt/f5be34c2e8fb0cc3",
            "ip_address_type": "ipv4",
            "lambda_multi_value_headers_enabled": false,
            "load_balancing_algorithm_type": "round_robin",
            "load_balancing_cross_zone_enabled": "use_load_balancer_configuration",
            "name": "wordpress-tgt",
            "name_prefix": null,
            "port": 443,
            "preserve_client_ip": null,
            "protocol": "HTTPS",
            "protocol_version": "HTTP1",
            "proxy_protocol_v2": false,
            "slow_start": 0,
            "stickiness": [
              {
                "cookie_duration": 86400,
                "cookie_name": "",
                "enabled": false,
                "type": "lb_cookie"
              }
            ],
            "tags": {},
            "tags_all": {},
            "target_failover": [
              {
                "on_deregistration": null,
                "on_unhealthy": null
              }
            ],
            "target_type": "instance",
            "vpc_id": "vpc-0b3c3deac84272a5a"
          },
          "private": "bnVsbA==",
          "dependencies": [
            "aws_vpc.main"
          ]
        }
      ]
    },
    {
      "mode": "managed",
      "type": "aws_nat_gateway",
      "name": "nat",
      "provider": "provider[\"registry.terraform.io/hashicorp/aws\"]",
      "instances": [
        {
          "schema_version": 0,
          "attributes": {
            "allocation_id": "eipalloc-0c7e4adba80d7f162",
            "association_id": "eipassoc-066b61d29270aca1f",
            "connectivity_type": "public",
            "id": "nat-03411786098102c2a",
            "network_interface_id": "eni-0b2e3467d5cf0e572",
            "private_ip": "10.0.0.123",
            "public_ip": "18.214.21.174",
            "secondary_allocation_ids": [],
            "secondary_private_ip_address_count": 0,
            "secondary_private_ip_addresses": [],
            "subnet_id": "subnet-0e909168b2cce3197",
            "tags": {
              "Billing_Account": "78934728914",
              "Managed-By": "Terraform",
              "Name": "BB-Nat-Dev",
              "Owner-Email": "ken2klass4real@gmail.com"
            },
            "tags_all": {
              "Billing_Account": "78934728914",
              "Managed-By": "Terraform",
              "Name": "BB-Nat-Dev",
              "Owner-Email": "ken2klass4real@gmail.com"
            },
            "timeouts": null
          },
          "private": "eyJlMmJmYjczMC1lY2FhLTExZTYtOGY4OC0zNDM2M2JjN2M0YzAiOnsiY3JlYXRlIjo2MDAwMDAwMDAwMDAsImRlbGV0ZSI6MTgwMDAwMDAwMDAwMCwidXBkYXRlIjo2MDAwMDAwMDAwMDB9fQ==",
          "dependencies": [
            "aws_eip.nat_eip",
            "aws_internet_gateway.ig",
            "aws_subnet.public",
            "aws_vpc.main",
            "data.aws_availability_zones.available"
          ]
        }
      ]
    },
    {
      "mode": "managed",
      "type": "aws_route",
      "name": "private-rtb-route",
      "provider": "provider[\"registry.terraform.io/hashicorp/aws\"]",
      "instances": [
        {
          "schema_version": 0,
          "attributes": {
            "carrier_gateway_id": "",
            "core_network_arn": "",
            "destination_cidr_block": "0.0.0.0/0",
            "destination_ipv6_cidr_block": "",
            "destination_prefix_list_id": "",
            "egress_only_gateway_id": "",
            "gateway_id": "",
            "id": "r-rtb-041c4fcadd25f9ba61080289494",
            "instance_id": "",
            "instance_owner_id": "",
            "local_gateway_id": "",
            "nat_gateway_id": "nat-03411786098102c2a",
            "network_interface_id": "",
            "origin": "CreateRoute",
            "route_table_id": "rtb-041c4fcadd25f9ba6",
            "state": "active",
            "timeouts": null,
            "transit_gateway_id": "",
            "vpc_endpoint_id": "",
            "vpc_peering_connection_id": ""
          },
          "private": "eyJlMmJmYjczMC1lY2FhLTExZTYtOGY4OC0zNDM2M2JjN2M0YzAiOnsiY3JlYXRlIjozMDAwMDAwMDAwMDAsImRlbGV0ZSI6MzAwMDAwMDAwMDAwLCJ1cGRhdGUiOjEyMDAwMDAwMDAwMH19",
          "dependencies": [
            "aws_nat_gateway.nat",
            "aws_route_table.private-rtb"
          ]
        }
      ]
    },
    {
      "mode": "managed",
      "type": "aws_route",
      "name": "public-rtb-route",
      "provider": "provider[\"registry.terraform.io/hashicorp/aws\"]",
      "instances": [
        {
          "schema_version": 0,
          "attributes": {
            "carrier_gateway_id": "",
            "core_network_arn": "",
            "destination_cidr_block": "0.0.0.0/0",
            "destination_ipv6_cidr_block": "",
            "destination_prefix_list_id": "",
            "egress_only_gateway_id": "",
            "gateway_id": "igw-07b883e2b2a086452",
            "id": "r-rtb-05471eea72a8deb961080289494",
            "instance_id": "",
            "instance_owner_id": "",
            "local_gateway_id": "",
            "nat_gateway_id": "",
            "network_interface_id": "",
            "origin": "CreateRoute",
            "route_table_id": "rtb-05471eea72a8deb96",
            "state": "active",
            "timeouts": null,
            "transit_gateway_id": "",
            "vpc_endpoint_id": "",
            "vpc_peering_connection_id": ""
          },
          "private": "eyJlMmJmYjczMC1lY2FhLTExZTYtOGY4OC0zNDM2M2JjN2M0YzAiOnsiY3JlYXRlIjozMDAwMDAwMDAwMDAsImRlbGV0ZSI6MzAwMDAwMDAwMDAwLCJ1cGRhdGUiOjEyMDAwMDAwMDAwMH19",
          "dependencies": [
            "aws_internet_gateway.ig",
            "aws_route_table.public-rtb",
            "aws_vpc.main"
          ]
        }
      ]
    },
    {
      "mode": "managed",
      "type": "aws_route53_record",
      "name": "bb",
      "provider": "provider[\"registry.terraform.io/hashicorp/aws\"]",
      "instances": [
        {
          "index_key": "*.bbwest.online",
          "schema_version": 2,
          "attributes": {
            "alias": [],
            "allow_overwrite": true,
            "cidr_routing_policy": [],
            "failover_routing_policy": [],
            "fqdn": "_3b6366651231d6d9dc82c2fde06fe116.bbwest.online",
            "geolocation_routing_policy": [],
            "health_check_id": "",
            "id": "Z004008112JW92RHI2F9H__3b6366651231d6d9dc82c2fde06fe116.bbwest.online._CNAME",
            "latency_routing_policy": [],
            "multivalue_answer_routing_policy": false,
            "name": "_3b6366651231d6d9dc82c2fde06fe116.bbwest.online",
            "records": [
              "_5d61f7cf9b7385cd575c5c68867cc4fc.jpxlwdfnnn.acm-validations.aws."
            ],
            "set_identifier": "",
            "ttl": 60,
            "type": "CNAME",
            "weighted_routing_policy": [],
            "zone_id": "Z004008112JW92RHI2F9H"
          },
          "private": "eyJzY2hlbWFfdmVyc2lvbiI6IjIifQ==",
          "dependencies": [
            "aws_acm_certificate.bb",
            "data.aws_route53_zone.bb"
          ]
        }
      ]
    },
    {
      "mode": "managed",
      "type": "aws_route53_record",
      "name": "tooling",
      "provider": "provider[\"registry.terraform.io/hashicorp/aws\"]",
      "instances": [
        {
          "schema_version": 2,
          "attributes": {
            "alias": [
              {
                "evaluate_target_health": true,
                "name": "ext-alb-654994484.us-east-1.elb.amazonaws.com",
                "zone_id": "Z35SXDOTRQ7X7K"
              }
            ],
            "allow_overwrite": null,
            "cidr_routing_policy": [],
            "failover_routing_policy": [],
            "fqdn": "tooling.bbwest.online",
            "geolocation_routing_policy": [],
            "health_check_id": "",
            "id": "Z004008112JW92RHI2F9H_tooling.bbwest.online_A",
            "latency_routing_policy": [],
            "multivalue_answer_routing_policy": false,
            "name": "tooling.bbwest.online",
            "records": [],
            "set_identifier": "",
            "ttl": 0,
            "type": "A",
            "weighted_routing_policy": [],
            "zone_id": "Z004008112JW92RHI2F9H"
          },
          "private": "eyJzY2hlbWFfdmVyc2lvbiI6IjIifQ==",
          "dependencies": [
            "aws_lb.ext-alb",
            "aws_security_group.ext-alb-sg",
            "aws_subnet.public",
            "aws_vpc.main",
            "data.aws_availability_zones.available",
            "data.aws_route53_zone.bb"
          ]
        }
      ]
    },
    {
      "mode": "managed",
      "type": "aws_route53_record",
      "name": "wordpress",
      "provider": "provider[\"registry.terraform.io/hashicorp/aws\"]",
      "instances": [
        {
          "schema_version": 2,
          "attributes": {
            "alias": [
              {
                "evaluate_target_health": true,
                "name": "ext-alb-654994484.us-east-1.elb.amazonaws.com",
                "zone_id": "Z35SXDOTRQ7X7K"
              }
            ],
            "allow_overwrite": null,
            "cidr_routing_policy": [],
            "failover_routing_policy": [],
            "fqdn": "wordpress.bbwest.online",
            "geolocation_routing_policy": [],
            "health_check_id": "",
            "id": "Z004008112JW92RHI2F9H_wordpress.bbwest.online_A",
            "latency_routing_policy": [],
            "multivalue_answer_routing_policy": false,
            "name": "wordpress.bbwest.online",
            "records": [],
            "set_identifier": "",
            "ttl": 0,
            "type": "A",
            "weighted_routing_policy": [],
            "zone_id": "Z004008112JW92RHI2F9H"
          },
          "private": "eyJzY2hlbWFfdmVyc2lvbiI6IjIifQ==",
          "dependencies": [
            "aws_lb.ext-alb",
            "aws_security_group.ext-alb-sg",
            "aws_subnet.public",
            "aws_vpc.main",
            "data.aws_availability_zones.available",
            "data.aws_route53_zone.bb"
          ]
        }
      ]
    },
    {
      "mode": "managed",
      "type": "aws_route_table",
      "name": "private-rtb",
      "provider": "provider[\"registry.terraform.io/hashicorp/aws\"]",
      "instances": [
        {
          "schema_version": 0,
          "attributes": {
            "arn": "arn:aws:ec2:us-east-1:941866453236:route-table/rtb-041c4fcadd25f9ba6",
            "id": "rtb-041c4fcadd25f9ba6",
            "owner_id": "941866453236",
            "propagating_vgws": [],
            "route": [
              {
                "carrier_gateway_id": "",
                "cidr_block": "0.0.0.0/0",
                "core_network_arn": "",
                "destination_prefix_list_id": "",
                "egress_only_gateway_id": "",
                "gateway_id": "",
                "ipv6_cidr_block": "",
                "local_gateway_id": "",
                "nat_gateway_id": "nat-03411786098102c2a",
                "network_interface_id": "",
                "transit_gateway_id": "",
                "vpc_endpoint_id": "",
                "vpc_peering_connection_id": ""
              }
            ],
            "tags": {
              "Billing_Account": "78934728914",
              "Managed-By": "Terraform",
              "Name": "BB-Private-Route-Table-Dev",
              "Owner-Email": "ken2klass4real@gmail.com"
            },
            "tags_all": {
              "Billing_Account": "78934728914",
              "Managed-By": "Terraform",
              "Name": "BB-Private-Route-Table-Dev",
              "Owner-Email": "ken2klass4real@gmail.com"
            },
            "timeouts": null,
            "vpc_id": "vpc-0b3c3deac84272a5a"
          },
          "private": "eyJlMmJmYjczMC1lY2FhLTExZTYtOGY4OC0zNDM2M2JjN2M0YzAiOnsiY3JlYXRlIjozMDAwMDAwMDAwMDAsImRlbGV0ZSI6MzAwMDAwMDAwMDAwLCJ1cGRhdGUiOjEyMDAwMDAwMDAwMH19",
          "dependencies": [
            "aws_vpc.main"
          ]
        }
      ]
    },
    {
      "mode": "managed",
      "type": "aws_route_table",
      "name": "public-rtb",
      "provider": "provider[\"registry.terraform.io/hashicorp/aws\"]",
      "instances": [
        {
          "schema_version": 0,
          "attributes": {
            "arn": "arn:aws:ec2:us-east-1:941866453236:route-table/rtb-05471eea72a8deb96",
            "id": "rtb-05471eea72a8deb96",
            "owner_id": "941866453236",
            "propagating_vgws": [],
            "route": [
              {
                "carrier_gateway_id": "",
                "cidr_block": "0.0.0.0/0",
                "core_network_arn": "",
                "destination_prefix_list_id": "",
                "egress_only_gateway_id": "",
                "gateway_id": "igw-07b883e2b2a086452",
                "ipv6_cidr_block": "",
                "local_gateway_id": "",
                "nat_gateway_id": "",
                "network_interface_id": "",
                "transit_gateway_id": "",
                "vpc_endpoint_id": "",
                "vpc_peering_connection_id": ""
              }
            ],
            "tags": {
              "Billing_Account": "78934728914",
              "Managed-By": "Terraform",
              "Name": "BB-Public-Route-Table-Dev",
              "Owner-Email": "ken2klass4real@gmail.com"
            },
            "tags_all": {
              "Billing_Account": "78934728914",
              "Managed-By": "Terraform",
              "Name": "BB-Public-Route-Table-Dev",
              "Owner-Email": "ken2klass4real@gmail.com"
            },
            "timeouts": null,
            "vpc_id": "vpc-0b3c3deac84272a5a"
          },
          "private": "eyJlMmJmYjczMC1lY2FhLTExZTYtOGY4OC0zNDM2M2JjN2M0YzAiOnsiY3JlYXRlIjozMDAwMDAwMDAwMDAsImRlbGV0ZSI6MzAwMDAwMDAwMDAwLCJ1cGRhdGUiOjEyMDAwMDAwMDAwMH19",
          "dependencies": [
            "aws_vpc.main"
          ]
        }
      ]
    },
    {
      "mode": "managed",
      "type": "aws_route_table_association",
      "name": "private-subnet-assoc",
      "provider": "provider[\"registry.terraform.io/hashicorp/aws\"]",
      "instances": [
        {
          "index_key": 0,
          "schema_version": 0,
          "attributes": {
            "gateway_id": "",
            "id": "rtbassoc-017500fcc3a6bd8cc",
            "route_table_id": "rtb-041c4fcadd25f9ba6",
            "subnet_id": "subnet-0fcb87b2aa8e66a24",
            "timeouts": null
          },
          "private": "eyJlMmJmYjczMC1lY2FhLTExZTYtOGY4OC0zNDM2M2JjN2M0YzAiOnsiY3JlYXRlIjozMDAwMDAwMDAwMDAsImRlbGV0ZSI6MzAwMDAwMDAwMDAwLCJ1cGRhdGUiOjEyMDAwMDAwMDAwMH19",
          "dependencies": [
            "aws_route_table.private-rtb",
            "aws_subnet.private",
            "aws_vpc.main",
            "data.aws_availability_zones.available"
          ]
        },
        {
          "index_key": 1,
          "schema_version": 0,
          "attributes": {
            "gateway_id": "",
            "id": "rtbassoc-0b9d3b7b2da3afdae",
            "route_table_id": "rtb-041c4fcadd25f9ba6",
            "subnet_id": "subnet-07802a6da0ac01953",
            "timeouts": null
          },
          "private": "eyJlMmJmYjczMC1lY2FhLTExZTYtOGY4OC0zNDM2M2JjN2M0YzAiOnsiY3JlYXRlIjozMDAwMDAwMDAwMDAsImRlbGV0ZSI6MzAwMDAwMDAwMDAwLCJ1cGRhdGUiOjEyMDAwMDAwMDAwMH19",
          "dependencies": [
            "aws_route_table.private-rtb",
            "aws_subnet.private",
            "aws_vpc.main",
            "data.aws_availability_zones.available"
          ]
        },
        {
          "index_key": 2,
          "schema_version": 0,
          "attributes": {
            "gateway_id": "",
            "id": "rtbassoc-02dd7fa09f8c4f88b",
            "route_table_id": "rtb-041c4fcadd25f9ba6",
            "subnet_id": "subnet-0c8721fce78b12710",
            "timeouts": null
          },
          "private": "eyJlMmJmYjczMC1lY2FhLTExZTYtOGY4OC0zNDM2M2JjN2M0YzAiOnsiY3JlYXRlIjozMDAwMDAwMDAwMDAsImRlbGV0ZSI6MzAwMDAwMDAwMDAwLCJ1cGRhdGUiOjEyMDAwMDAwMDAwMH19",
          "dependencies": [
            "aws_route_table.private-rtb",
            "aws_subnet.private",
            "aws_vpc.main",
            "data.aws_availability_zones.available"
          ]
        },
        {
          "index_key": 3,
          "schema_version": 0,
          "attributes": {
            "gateway_id": "",
            "id": "rtbassoc-075a61f9cddda450a",
            "route_table_id": "rtb-041c4fcadd25f9ba6",
            "subnet_id": "subnet-0e88161daf5b82264",
            "timeouts": null
          },
          "private": "eyJlMmJmYjczMC1lY2FhLTExZTYtOGY4OC0zNDM2M2JjN2M0YzAiOnsiY3JlYXRlIjozMDAwMDAwMDAwMDAsImRlbGV0ZSI6MzAwMDAwMDAwMDAwLCJ1cGRhdGUiOjEyMDAwMDAwMDAwMH19",
          "dependencies": [
            "aws_route_table.private-rtb",
            "aws_subnet.private",
            "aws_vpc.main",
            "data.aws_availability_zones.available"
          ]
        }
      ]
    },
    {
      "mode": "managed",
      "type": "aws_route_table_association",
      "name": "public-subnets-assoc",
      "provider": "provider[\"registry.terraform.io/hashicorp/aws\"]",
      "instances": [
        {
          "index_key": 0,
          "schema_version": 0,
          "attributes": {
            "gateway_id": "",
            "id": "rtbassoc-0da547edeb5d9f119",
            "route_table_id": "rtb-05471eea72a8deb96",
            "subnet_id": "subnet-0e909168b2cce3197",
            "timeouts": null
          },
          "private": "eyJlMmJmYjczMC1lY2FhLTExZTYtOGY4OC0zNDM2M2JjN2M0YzAiOnsiY3JlYXRlIjozMDAwMDAwMDAwMDAsImRlbGV0ZSI6MzAwMDAwMDAwMDAwLCJ1cGRhdGUiOjEyMDAwMDAwMDAwMH19",
          "dependencies": [
            "aws_route_table.public-rtb",
            "aws_subnet.public",
            "aws_vpc.main",
            "data.aws_availability_zones.available"
          ]
        },
        {
          "index_key": 1,
          "schema_version": 0,
          "attributes": {
            "gateway_id": "",
            "id": "rtbassoc-0e817039f2deb48e8",
            "route_table_id": "rtb-05471eea72a8deb96",
            "subnet_id": "subnet-0eb9eeb6f45b5ef6c",
            "timeouts": null
          },
          "private": "eyJlMmJmYjczMC1lY2FhLTExZTYtOGY4OC0zNDM2M2JjN2M0YzAiOnsiY3JlYXRlIjozMDAwMDAwMDAwMDAsImRlbGV0ZSI6MzAwMDAwMDAwMDAwLCJ1cGRhdGUiOjEyMDAwMDAwMDAwMH19",
          "dependencies": [
            "aws_route_table.public-rtb",
            "aws_subnet.public",
            "aws_vpc.main",
            "data.aws_availability_zones.available"
          ]
        }
      ]
    },
    {
      "mode": "managed",
      "type": "aws_security_group",
      "name": "bastion_sg",
      "provider": "provider[\"registry.terraform.io/hashicorp/aws\"]",
      "instances": [
        {
          "schema_version": 1,
          "attributes": {
            "arn": "arn:aws:ec2:us-east-1:941866453236:security-group/sg-06cf079a0eb0ea7c8",
            "description": "Allow incoming HTTP connection",
            "egress": [
              {
                "cidr_blocks": [
                  "0.0.0.0/0"
                ],
                "description": "",
                "from_port": 0,
                "ipv6_cidr_blocks": [],
                "prefix_list_ids": [],
                "protocol": "-1",
                "security_groups": [],
                "self": false,
                "to_port": 0
              }
            ],
            "id": "sg-06cf079a0eb0ea7c8",
            "ingress": [
              {
                "cidr_blocks": [
                  "0.0.0.0/0"
                ],
                "description": "SSH",
                "from_port": 22,
                "ipv6_cidr_blocks": [],
                "prefix_list_ids": [],
                "protocol": "tcp",
                "security_groups": [],
                "self": false,
                "to_port": 22
              }
            ],
            "name": "bastion_sg",
            "name_prefix": "",
            "owner_id": "941866453236",
            "revoke_rules_on_delete": false,
            "tags": {
              "Environment": "Dev",
              "Name": "Bastion-SG"
            },
            "tags_all": {
              "Environment": "Dev",
              "Name": "Bastion-SG"
            },
            "timeouts": null,
            "vpc_id": "vpc-0b3c3deac84272a5a"
          },
          "private": "eyJlMmJmYjczMC1lY2FhLTExZTYtOGY4OC0zNDM2M2JjN2M0YzAiOnsiY3JlYXRlIjo2MDAwMDAwMDAwMDAsImRlbGV0ZSI6OTAwMDAwMDAwMDAwfSwic2NoZW1hX3ZlcnNpb24iOiIxIn0=",
          "dependencies": [
            "aws_vpc.main"
          ]
        }
      ]
    },
    {
      "mode": "managed",
      "type": "aws_security_group",
      "name": "datalayer-sg",
      "provider": "provider[\"registry.terraform.io/hashicorp/aws\"]",
      "instances": [
        {
          "schema_version": 1,
          "attributes": {
            "arn": "arn:aws:ec2:us-east-1:941866453236:security-group/sg-054739c9ef13e76bf",
            "description": "Managed by Terraform",
            "egress": [
              {
                "cidr_blocks": [
                  "0.0.0.0/0"
                ],
                "description": "",
                "from_port": 0,
                "ipv6_cidr_blocks": [],
                "prefix_list_ids": [],
                "protocol": "-1",
                "security_groups": [],
                "self": false,
                "to_port": 0
              }
            ],
            "id": "sg-054739c9ef13e76bf",
            "ingress": [
              {
                "cidr_blocks": [],
                "description": "",
                "from_port": 2049,
                "ipv6_cidr_blocks": [],
                "prefix_list_ids": [],
                "protocol": "tcp",
                "security_groups": [
                  "sg-0946fbabb4ce658de"
                ],
                "self": false,
                "to_port": 2049
              },
              {
                "cidr_blocks": [],
                "description": "",
                "from_port": 3306,
                "ipv6_cidr_blocks": [],
                "prefix_list_ids": [],
                "protocol": "tcp",
                "security_groups": [
                  "sg-06cf079a0eb0ea7c8",
                  "sg-0946fbabb4ce658de"
                ],
                "self": false,
                "to_port": 3306
              }
            ],
            "name": "datalayer-sg",
            "name_prefix": "",
            "owner_id": "941866453236",
            "revoke_rules_on_delete": false,
            "tags": {
              "Name": "datalayer-sg"
            },
            "tags_all": {
              "Name": "datalayer-sg"
            },
            "timeouts": null,
            "vpc_id": "vpc-0b3c3deac84272a5a"
          },
          "private": "eyJlMmJmYjczMC1lY2FhLTExZTYtOGY4OC0zNDM2M2JjN2M0YzAiOnsiY3JlYXRlIjo2MDAwMDAwMDAwMDAsImRlbGV0ZSI6OTAwMDAwMDAwMDAwfSwic2NoZW1hX3ZlcnNpb24iOiIxIn0=",
          "dependencies": [
            "aws_vpc.main"
          ]
        }
      ]
    },
    {
      "mode": "managed",
      "type": "aws_security_group",
      "name": "ext-alb-sg",
      "provider": "provider[\"registry.terraform.io/hashicorp/aws\"]",
      "instances": [
        {
          "schema_version": 1,
          "attributes": {
            "arn": "arn:aws:ec2:us-east-1:941866453236:security-group/sg-05e672a911908891b",
            "description": "Allow TLS inbound traffic",
            "egress": [
              {
                "cidr_blocks": [
                  "0.0.0.0/0"
                ],
                "description": "",
                "from_port": 0,
                "ipv6_cidr_blocks": [],
                "prefix_list_ids": [],
                "protocol": "-1",
                "security_groups": [],
                "self": false,
                "to_port": 0
              }
            ],
            "id": "sg-05e672a911908891b",
            "ingress": [
              {
                "cidr_blocks": [
                  "0.0.0.0/0"
                ],
                "description": "HTTP",
                "from_port": 80,
                "ipv6_cidr_blocks": [],
                "prefix_list_ids": [],
                "protocol": "tcp",
                "security_groups": [],
                "self": false,
                "to_port": 80
              },
              {
                "cidr_blocks": [
                  "0.0.0.0/0"
                ],
                "description": "HTTPS",
                "from_port": 443,
                "ipv6_cidr_blocks": [],
                "prefix_list_ids": [],
                "protocol": "tcp",
                "security_groups": [],
                "self": false,
                "to_port": 443
              }
            ],
            "name": "ext-alb-sg",
            "name_prefix": "",
            "owner_id": "941866453236",
            "revoke_rules_on_delete": false,
            "tags": {
              "Name": "ext-alb-sg"
            },
            "tags_all": {
              "Name": "ext-alb-sg"
            },
            "timeouts": null,
            "vpc_id": "vpc-0b3c3deac84272a5a"
          },
          "private": "eyJlMmJmYjczMC1lY2FhLTExZTYtOGY4OC0zNDM2M2JjN2M0YzAiOnsiY3JlYXRlIjo2MDAwMDAwMDAwMDAsImRlbGV0ZSI6OTAwMDAwMDAwMDAwfSwic2NoZW1hX3ZlcnNpb24iOiIxIn0=",
          "dependencies": [
            "aws_vpc.main"
          ]
        }
      ]
    },
    {
      "mode": "managed",
      "type": "aws_security_group",
      "name": "int-alb-sg",
      "provider": "provider[\"registry.terraform.io/hashicorp/aws\"]",
      "instances": [
        {
          "schema_version": 1,
          "attributes": {
            "arn": "arn:aws:ec2:us-east-1:941866453236:security-group/sg-077f9c282468df94d",
            "description": "Managed by Terraform",
            "egress": [
              {
                "cidr_blocks": [
                  "0.0.0.0/0"
                ],
                "description": "",
                "from_port": 0,
                "ipv6_cidr_blocks": [],
                "prefix_list_ids": [],
                "protocol": "-1",
                "security_groups": [],
                "self": false,
                "to_port": 0
              }
            ],
            "id": "sg-077f9c282468df94d",
            "ingress": [
              {
                "cidr_blocks": [],
                "description": "",
                "from_port": 443,
                "ipv6_cidr_blocks": [],
                "prefix_list_ids": [],
                "protocol": "tcp",
                "security_groups": [
                  "sg-08bc8fd32a514c096"
                ],
                "self": false,
                "to_port": 443
              }
            ],
            "name": "int-alb-sg",
            "name_prefix": "",
            "owner_id": "941866453236",
            "revoke_rules_on_delete": false,
            "tags": {
              "Name": "int-alb-sg"
            },
            "tags_all": {
              "Name": "int-alb-sg"
            },
            "timeouts": null,
            "vpc_id": "vpc-0b3c3deac84272a5a"
          },
          "private": "eyJlMmJmYjczMC1lY2FhLTExZTYtOGY4OC0zNDM2M2JjN2M0YzAiOnsiY3JlYXRlIjo2MDAwMDAwMDAwMDAsImRlbGV0ZSI6OTAwMDAwMDAwMDAwfSwic2NoZW1hX3ZlcnNpb24iOiIxIn0=",
          "dependencies": [
            "aws_vpc.main"
          ]
        }
      ]
    },
    {
      "mode": "managed",
      "type": "aws_security_group",
      "name": "nginx-sg",
      "provider": "provider[\"registry.terraform.io/hashicorp/aws\"]",
      "instances": [
        {
          "schema_version": 1,
          "attributes": {
            "arn": "arn:aws:ec2:us-east-1:941866453236:security-group/sg-08bc8fd32a514c096",
            "description": "Managed by Terraform",
            "egress": [
              {
                "cidr_blocks": [
                  "0.0.0.0/0"
                ],
                "description": "",
                "from_port": 0,
                "ipv6_cidr_blocks": [],
                "prefix_list_ids": [],
                "protocol": "-1",
                "security_groups": [],
                "self": false,
                "to_port": 0
              }
            ],
            "id": "sg-08bc8fd32a514c096",
            "ingress": [
              {
                "cidr_blocks": [],
                "description": "",
                "from_port": 22,
                "ipv6_cidr_blocks": [],
                "prefix_list_ids": [],
                "protocol": "tcp",
                "security_groups": [
                  "sg-06cf079a0eb0ea7c8"
                ],
                "self": false,
                "to_port": 22
              },
              {
                "cidr_blocks": [],
                "description": "",
                "from_port": 443,
                "ipv6_cidr_blocks": [],
                "prefix_list_ids": [],
                "protocol": "tcp",
                "security_groups": [
                  "sg-05e672a911908891b"
                ],
                "self": false,
                "to_port": 443
              }
            ],
            "name": "nginx-sg",
            "name_prefix": "",
            "owner_id": "941866453236",
            "revoke_rules_on_delete": false,
            "tags": {
              "Name": "Nginx-sg"
            },
            "tags_all": {
              "Name": "Nginx-sg"
            },
            "timeouts": null,
            "vpc_id": "vpc-0b3c3deac84272a5a"
          },
          "private": "eyJlMmJmYjczMC1lY2FhLTExZTYtOGY4OC0zNDM2M2JjN2M0YzAiOnsiY3JlYXRlIjo2MDAwMDAwMDAwMDAsImRlbGV0ZSI6OTAwMDAwMDAwMDAwfSwic2NoZW1hX3ZlcnNpb24iOiIxIn0=",
          "dependencies": [
            "aws_vpc.main"
          ]
        }
      ]
    },
    {
      "mode": "managed",
      "type": "aws_security_group",
      "name": "webserver-sg",
      "provider": "provider[\"registry.terraform.io/hashicorp/aws\"]",
      "instances": [
        {
          "schema_version": 1,
          "attributes": {
            "arn": "arn:aws:ec2:us-east-1:941866453236:security-group/sg-0946fbabb4ce658de",
            "description": "Managed by Terraform",
            "egress": [
              {
                "cidr_blocks": [
                  "0.0.0.0/0"
                ],
                "description": "",
                "from_port": 0,
                "ipv6_cidr_blocks": [],
                "prefix_list_ids": [],
                "protocol": "-1",
                "security_groups": [],
                "self": false,
                "to_port": 0
              }
            ],
            "id": "sg-0946fbabb4ce658de",
            "ingress": [
              {
                "cidr_blocks": [],
                "description": "",
                "from_port": 22,
                "ipv6_cidr_blocks": [],
                "prefix_list_ids": [],
                "protocol": "tcp",
                "security_groups": [
                  "sg-06cf079a0eb0ea7c8"
                ],
                "self": false,
                "to_port": 22
              },
              {
                "cidr_blocks": [],
                "description": "",
                "from_port": 443,
                "ipv6_cidr_blocks": [],
                "prefix_list_ids": [],
                "protocol": "tcp",
                "security_groups": [
                  "sg-077f9c282468df94d"
                ],
                "self": false,
                "to_port": 443
              }
            ],
            "name": "my-asg-sg",
            "name_prefix": "",
            "owner_id": "941866453236",
            "revoke_rules_on_delete": false,
            "tags": {
              "Name": "webserver-sg"
            },
            "tags_all": {
              "Name": "webserver-sg"
            },
            "timeouts": null,
            "vpc_id": "vpc-0b3c3deac84272a5a"
          },
          "private": "eyJlMmJmYjczMC1lY2FhLTExZTYtOGY4OC0zNDM2M2JjN2M0YzAiOnsiY3JlYXRlIjo2MDAwMDAwMDAwMDAsImRlbGV0ZSI6OTAwMDAwMDAwMDAwfSwic2NoZW1hX3ZlcnNpb24iOiIxIn0=",
          "dependencies": [
            "aws_vpc.main"
          ]
        }
      ]
    },
    {
      "mode": "managed",
      "type": "aws_security_group_rule",
      "name": "inbound-bastion_ssh",
      "provider": "provider[\"registry.terraform.io/hashicorp/aws\"]",
      "instances": [
        {
          "schema_version": 2,
          "attributes": {
            "cidr_blocks": null,
            "description": "",
            "from_port": 22,
            "id": "sgrule-1840082919",
            "ipv6_cidr_blocks": null,
            "prefix_list_ids": null,
            "protocol": "tcp",
            "security_group_id": "sg-08bc8fd32a514c096",
            "security_group_rule_id": "sgr-0f7491c2bcf6844fe",
            "self": false,
            "source_security_group_id": "sg-06cf079a0eb0ea7c8",
            "timeouts": null,
            "to_port": 22,
            "type": "ingress"
          },
          "private": "eyJlMmJmYjczMC1lY2FhLTExZTYtOGY4OC0zNDM2M2JjN2M0YzAiOnsiY3JlYXRlIjozMDAwMDAwMDAwMDB9LCJzY2hlbWFfdmVyc2lvbiI6IjIifQ==",
          "dependencies": [
            "aws_security_group.bastion_sg",
            "aws_security_group.nginx-sg",
            "aws_vpc.main"
          ]
        }
      ]
    },
    {
      "mode": "managed",
      "type": "aws_security_group_rule",
      "name": "inbound-ialb-https",
      "provider": "provider[\"registry.terraform.io/hashicorp/aws\"]",
      "instances": [
        {
          "schema_version": 2,
          "attributes": {
            "cidr_blocks": null,
            "description": "",
            "from_port": 443,
            "id": "sgrule-1218935770",
            "ipv6_cidr_blocks": null,
            "prefix_list_ids": null,
            "protocol": "tcp",
            "security_group_id": "sg-077f9c282468df94d",
            "security_group_rule_id": "sgr-0052aa4a07a9bec9e",
            "self": false,
            "source_security_group_id": "sg-08bc8fd32a514c096",
            "timeouts": null,
            "to_port": 443,
            "type": "ingress"
          },
          "private": "eyJlMmJmYjczMC1lY2FhLTExZTYtOGY4OC0zNDM2M2JjN2M0YzAiOnsiY3JlYXRlIjozMDAwMDAwMDAwMDB9LCJzY2hlbWFfdmVyc2lvbiI6IjIifQ==",
          "dependencies": [
            "aws_security_group.int-alb-sg",
            "aws_security_group.nginx-sg",
            "aws_vpc.main"
          ]
        }
      ]
    },
    {
      "mode": "managed",
      "type": "aws_security_group_rule",
      "name": "inbound-mysql-bastion",
      "provider": "provider[\"registry.terraform.io/hashicorp/aws\"]",
      "instances": [
        {
          "schema_version": 2,
          "attributes": {
            "cidr_blocks": null,
            "description": "",
            "from_port": 3306,
            "id": "sgrule-1923356007",
            "ipv6_cidr_blocks": null,
            "prefix_list_ids": null,
            "protocol": "tcp",
            "security_group_id": "sg-054739c9ef13e76bf",
            "security_group_rule_id": "sgr-051e9bb8012aac14a",
            "self": false,
            "source_security_group_id": "sg-06cf079a0eb0ea7c8",
            "timeouts": null,
            "to_port": 3306,
            "type": "ingress"
          },
          "private": "eyJlMmJmYjczMC1lY2FhLTExZTYtOGY4OC0zNDM2M2JjN2M0YzAiOnsiY3JlYXRlIjozMDAwMDAwMDAwMDB9LCJzY2hlbWFfdmVyc2lvbiI6IjIifQ==",
          "dependencies": [
            "aws_security_group.bastion_sg",
            "aws_security_group.datalayer-sg",
            "aws_vpc.main"
          ]
        }
      ]
    },
    {
      "mode": "managed",
      "type": "aws_security_group_rule",
      "name": "inbound-mysql-webserver",
      "provider": "provider[\"registry.terraform.io/hashicorp/aws\"]",
      "instances": [
        {
          "schema_version": 2,
          "attributes": {
            "cidr_blocks": null,
            "description": "",
            "from_port": 3306,
            "id": "sgrule-2409861447",
            "ipv6_cidr_blocks": null,
            "prefix_list_ids": null,
            "protocol": "tcp",
            "security_group_id": "sg-054739c9ef13e76bf",
            "security_group_rule_id": "sgr-04f930b980c7b5064",
            "self": false,
            "source_security_group_id": "sg-0946fbabb4ce658de",
            "timeouts": null,
            "to_port": 3306,
            "type": "ingress"
          },
          "private": "eyJlMmJmYjczMC1lY2FhLTExZTYtOGY4OC0zNDM2M2JjN2M0YzAiOnsiY3JlYXRlIjozMDAwMDAwMDAwMDB9LCJzY2hlbWFfdmVyc2lvbiI6IjIifQ==",
          "dependencies": [
            "aws_security_group.datalayer-sg",
            "aws_security_group.webserver-sg",
            "aws_vpc.main"
          ]
        }
      ]
    },
    {
      "mode": "managed",
      "type": "aws_security_group_rule",
      "name": "inbound-nfs-port",
      "provider": "provider[\"registry.terraform.io/hashicorp/aws\"]",
      "instances": [
        {
          "schema_version": 2,
          "attributes": {
            "cidr_blocks": null,
            "description": "",
            "from_port": 2049,
            "id": "sgrule-476381645",
            "ipv6_cidr_blocks": null,
            "prefix_list_ids": null,
            "protocol": "tcp",
            "security_group_id": "sg-054739c9ef13e76bf",
            "security_group_rule_id": "sgr-0df0e5965c85843e2",
            "self": false,
            "source_security_group_id": "sg-0946fbabb4ce658de",
            "timeouts": null,
            "to_port": 2049,
            "type": "ingress"
          },
          "private": "eyJlMmJmYjczMC1lY2FhLTExZTYtOGY4OC0zNDM2M2JjN2M0YzAiOnsiY3JlYXRlIjozMDAwMDAwMDAwMDB9LCJzY2hlbWFfdmVyc2lvbiI6IjIifQ==",
          "dependencies": [
            "aws_security_group.datalayer-sg",
            "aws_security_group.webserver-sg",
            "aws_vpc.main"
          ]
        }
      ]
    },
    {
      "mode": "managed",
      "type": "aws_security_group_rule",
      "name": "inbound-nginx-http",
      "provider": "provider[\"registry.terraform.io/hashicorp/aws\"]",
      "instances": [
        {
          "schema_version": 2,
          "attributes": {
            "cidr_blocks": null,
            "description": "",
            "from_port": 443,
            "id": "sgrule-905073733",
            "ipv6_cidr_blocks": null,
            "prefix_list_ids": null,
            "protocol": "tcp",
            "security_group_id": "sg-08bc8fd32a514c096",
            "security_group_rule_id": "sgr-0c4edd8d1f34fb11d",
            "self": false,
            "source_security_group_id": "sg-05e672a911908891b",
            "timeouts": null,
            "to_port": 443,
            "type": "ingress"
          },
          "private": "eyJlMmJmYjczMC1lY2FhLTExZTYtOGY4OC0zNDM2M2JjN2M0YzAiOnsiY3JlYXRlIjozMDAwMDAwMDAwMDB9LCJzY2hlbWFfdmVyc2lvbiI6IjIifQ==",
          "dependencies": [
            "aws_security_group.ext-alb-sg",
            "aws_security_group.nginx-sg",
            "aws_vpc.main"
          ]
        }
      ]
    },
    {
      "mode": "managed",
      "type": "aws_security_group_rule",
      "name": "inbound-web-https",
      "provider": "provider[\"registry.terraform.io/hashicorp/aws\"]",
      "instances": [
        {
          "schema_version": 2,
          "attributes": {
            "cidr_blocks": null,
            "description": "",
            "from_port": 443,
            "id": "sgrule-426986831",
            "ipv6_cidr_blocks": null,
            "prefix_list_ids": null,
            "protocol": "tcp",
            "security_group_id": "sg-0946fbabb4ce658de",
            "security_group_rule_id": "sgr-0007799ed8fa7e5de",
            "self": false,
            "source_security_group_id": "sg-077f9c282468df94d",
            "timeouts": null,
            "to_port": 443,
            "type": "ingress"
          },
          "private": "eyJlMmJmYjczMC1lY2FhLTExZTYtOGY4OC0zNDM2M2JjN2M0YzAiOnsiY3JlYXRlIjozMDAwMDAwMDAwMDB9LCJzY2hlbWFfdmVyc2lvbiI6IjIifQ==",
          "dependencies": [
            "aws_security_group.int-alb-sg",
            "aws_security_group.webserver-sg",
            "aws_vpc.main"
          ]
        }
      ]
    },
    {
      "mode": "managed",
      "type": "aws_security_group_rule",
      "name": "inbound-web-ssh",
      "provider": "provider[\"registry.terraform.io/hashicorp/aws\"]",
      "instances": [
        {
          "schema_version": 2,
          "attributes": {
            "cidr_blocks": null,
            "description": "",
            "from_port": 22,
            "id": "sgrule-2116123201",
            "ipv6_cidr_blocks": null,
            "prefix_list_ids": null,
            "protocol": "tcp",
            "security_group_id": "sg-0946fbabb4ce658de",
            "security_group_rule_id": "sgr-07924dbf5721ba806",
            "self": false,
            "source_security_group_id": "sg-06cf079a0eb0ea7c8",
            "timeouts": null,
            "to_port": 22,
            "type": "ingress"
          },
          "private": "eyJlMmJmYjczMC1lY2FhLTExZTYtOGY4OC0zNDM2M2JjN2M0YzAiOnsiY3JlYXRlIjozMDAwMDAwMDAwMDB9LCJzY2hlbWFfdmVyc2lvbiI6IjIifQ==",
          "dependencies": [
            "aws_security_group.bastion_sg",
            "aws_security_group.webserver-sg",
            "aws_vpc.main"
          ]
        }
      ]
    },
    {
      "mode": "managed",
      "type": "aws_sns_topic",
      "name": "BB-sns",
      "provider": "provider[\"registry.terraform.io/hashicorp/aws\"]",
      "instances": [
        {
          "schema_version": 0,
          "attributes": {
            "application_failure_feedback_role_arn": "",
            "application_success_feedback_role_arn": "",
            "application_success_feedback_sample_rate": 0,
            "arn": "arn:aws:sns:us-east-1:941866453236:Default_Cloudwatch_Alarms_Topic",
            "content_based_deduplication": false,
            "delivery_policy": "",
            "display_name": "",
            "fifo_topic": false,
            "firehose_failure_feedback_role_arn": "",
            "firehose_success_feedback_role_arn": "",
            "firehose_success_feedback_sample_rate": 0,
            "http_failure_feedback_role_arn": "",
            "http_success_feedback_role_arn": "",
            "http_success_feedback_sample_rate": 0,
            "id": "arn:aws:sns:us-east-1:941866453236:Default_Cloudwatch_Alarms_Topic",
            "kms_master_key_id": "",
            "lambda_failure_feedback_role_arn": "",
            "lambda_success_feedback_role_arn": "",
            "lambda_success_feedback_sample_rate": 0,
            "name": "Default_Cloudwatch_Alarms_Topic",
            "name_prefix": "",
            "owner": "941866453236",
            "policy": "{\"Id\":\"__default_policy_ID\",\"Statement\":[{\"Action\":[\"SNS:GetTopicAttributes\",\"SNS:SetTopicAttributes\",\"SNS:AddPermission\",\"SNS:RemovePermission\",\"SNS:DeleteTopic\",\"SNS:Subscribe\",\"SNS:ListSubscriptionsByTopic\",\"SNS:Publish\"],\"Condition\":{\"StringEquals\":{\"AWS:SourceOwner\":\"941866453236\"}},\"Effect\":\"Allow\",\"Principal\":{\"AWS\":\"*\"},\"Resource\":\"arn:aws:sns:us-east-1:941866453236:Default_Cloudwatch_Alarms_Topic\",\"Sid\":\"__default_statement_ID\"}],\"Version\":\"2008-10-17\"}",
            "signature_version": 0,
            "sqs_failure_feedback_role_arn": "",
            "sqs_success_feedback_role_arn": "",
            "sqs_success_feedback_sample_rate": 0,
            "tags": {},
            "tags_all": {},
            "tracing_config": ""
          },
          "private": "bnVsbA=="
        }
      ]
    },
    {
      "mode": "managed",
      "type": "aws_subnet",
      "name": "private",
      "provider": "provider[\"registry.terraform.io/hashicorp/aws\"]",
      "instances": [
        {
          "index_key": 0,
          "schema_version": 1,
          "attributes": {
            "arn": "arn:aws:ec2:us-east-1:941866453236:subnet/subnet-0fcb87b2aa8e66a24",
            "assign_ipv6_address_on_creation": false,
            "availability_zone": "us-east-1a",
            "availability_zone_id": "use1-az6",
            "cidr_block": "10.0.2.0/24",
            "customer_owned_ipv4_pool": "",
            "enable_dns64": false,
            "enable_lni_at_device_index": 0,
            "enable_resource_name_dns_a_record_on_launch": false,
            "enable_resource_name_dns_aaaa_record_on_launch": false,
            "id": "subnet-0fcb87b2aa8e66a24",
            "ipv6_cidr_block": "",
            "ipv6_cidr_block_association_id": "",
            "ipv6_native": false,
            "map_customer_owned_ip_on_launch": false,
            "map_public_ip_on_launch": true,
            "outpost_arn": "",
            "owner_id": "941866453236",
            "private_dns_hostname_type_on_launch": "ip-name",
            "tags": {
              "Billing_Account": "78934728914",
              "Managed-By": "Terraform",
              "Name": "BB-PrivateSubnet-1",
              "Owner-Email": "ken2klass4real@gmail.com"
            },
            "tags_all": {
              "Billing_Account": "78934728914",
              "Managed-By": "Terraform",
              "Name": "BB-PrivateSubnet-1",
              "Owner-Email": "ken2klass4real@gmail.com"
            },
            "timeouts": null,
            "vpc_id": "vpc-0b3c3deac84272a5a"
          },
          "private": "eyJlMmJmYjczMC1lY2FhLTExZTYtOGY4OC0zNDM2M2JjN2M0YzAiOnsiY3JlYXRlIjo2MDAwMDAwMDAwMDAsImRlbGV0ZSI6MTIwMDAwMDAwMDAwMH0sInNjaGVtYV92ZXJzaW9uIjoiMSJ9",
          "dependencies": [
            "aws_vpc.main",
            "data.aws_availability_zones.available"
          ]
        },
        {
          "index_key": 1,
          "schema_version": 1,
          "attributes": {
            "arn": "arn:aws:ec2:us-east-1:941866453236:subnet/subnet-07802a6da0ac01953",
            "assign_ipv6_address_on_creation": false,
            "availability_zone": "us-east-1b",
            "availability_zone_id": "use1-az1",
            "cidr_block": "10.0.3.0/24",
            "customer_owned_ipv4_pool": "",
            "enable_dns64": false,
            "enable_lni_at_device_index": 0,
            "enable_resource_name_dns_a_record_on_launch": false,
            "enable_resource_name_dns_aaaa_record_on_launch": false,
            "id": "subnet-07802a6da0ac01953",
            "ipv6_cidr_block": "",
            "ipv6_cidr_block_association_id": "",
            "ipv6_native": false,
            "map_customer_owned_ip_on_launch": false,
            "map_public_ip_on_launch": true,
            "outpost_arn": "",
            "owner_id": "941866453236",
            "private_dns_hostname_type_on_launch": "ip-name",
            "tags": {
              "Billing_Account": "78934728914",
              "Managed-By": "Terraform",
              "Name": "BB-PrivateSubnet-2",
              "Owner-Email": "ken2klass4real@gmail.com"
            },
            "tags_all": {
              "Billing_Account": "78934728914",
              "Managed-By": "Terraform",
              "Name": "BB-PrivateSubnet-2",
              "Owner-Email": "ken2klass4real@gmail.com"
            },
            "timeouts": null,
            "vpc_id": "vpc-0b3c3deac84272a5a"
          },
          "private": "eyJlMmJmYjczMC1lY2FhLTExZTYtOGY4OC0zNDM2M2JjN2M0YzAiOnsiY3JlYXRlIjo2MDAwMDAwMDAwMDAsImRlbGV0ZSI6MTIwMDAwMDAwMDAwMH0sInNjaGVtYV92ZXJzaW9uIjoiMSJ9",
          "dependencies": [
            "aws_vpc.main",
            "data.aws_availability_zones.available"
          ]
        },
        {
          "index_key": 2,
          "schema_version": 1,
          "attributes": {
            "arn": "arn:aws:ec2:us-east-1:941866453236:subnet/subnet-0c8721fce78b12710",
            "assign_ipv6_address_on_creation": false,
            "availability_zone": "us-east-1c",
            "availability_zone_id": "use1-az2",
            "cidr_block": "10.0.4.0/24",
            "customer_owned_ipv4_pool": "",
            "enable_dns64": false,
            "enable_lni_at_device_index": 0,
            "enable_resource_name_dns_a_record_on_launch": false,
            "enable_resource_name_dns_aaaa_record_on_launch": false,
            "id": "subnet-0c8721fce78b12710",
            "ipv6_cidr_block": "",
            "ipv6_cidr_block_association_id": "",
            "ipv6_native": false,
            "map_customer_owned_ip_on_launch": false,
            "map_public_ip_on_launch": true,
            "outpost_arn": "",
            "owner_id": "941866453236",
            "private_dns_hostname_type_on_launch": "ip-name",
            "tags": {
              "Billing_Account": "78934728914",
              "Managed-By": "Terraform",
              "Name": "BB-PrivateSubnet-3",
              "Owner-Email": "ken2klass4real@gmail.com"
            },
            "tags_all": {
              "Billing_Account": "78934728914",
              "Managed-By": "Terraform",
              "Name": "BB-PrivateSubnet-3",
              "Owner-Email": "ken2klass4real@gmail.com"
            },
            "timeouts": null,
            "vpc_id": "vpc-0b3c3deac84272a5a"
          },
          "private": "eyJlMmJmYjczMC1lY2FhLTExZTYtOGY4OC0zNDM2M2JjN2M0YzAiOnsiY3JlYXRlIjo2MDAwMDAwMDAwMDAsImRlbGV0ZSI6MTIwMDAwMDAwMDAwMH0sInNjaGVtYV92ZXJzaW9uIjoiMSJ9",
          "dependencies": [
            "aws_vpc.main",
            "data.aws_availability_zones.available"
          ]
        },
        {
          "index_key": 3,
          "schema_version": 1,
          "attributes": {
            "arn": "arn:aws:ec2:us-east-1:941866453236:subnet/subnet-0e88161daf5b82264",
            "assign_ipv6_address_on_creation": false,
            "availability_zone": "us-east-1d",
            "availability_zone_id": "use1-az4",
            "cidr_block": "10.0.5.0/24",
            "customer_owned_ipv4_pool": "",
            "enable_dns64": false,
            "enable_lni_at_device_index": 0,
            "enable_resource_name_dns_a_record_on_launch": false,
            "enable_resource_name_dns_aaaa_record_on_launch": false,
            "id": "subnet-0e88161daf5b82264",
            "ipv6_cidr_block": "",
            "ipv6_cidr_block_association_id": "",
            "ipv6_native": false,
            "map_customer_owned_ip_on_launch": false,
            "map_public_ip_on_launch": true,
            "outpost_arn": "",
            "owner_id": "941866453236",
            "private_dns_hostname_type_on_launch": "ip-name",
            "tags": {
              "Billing_Account": "78934728914",
              "Managed-By": "Terraform",
              "Name": "BB-PrivateSubnet-4",
              "Owner-Email": "ken2klass4real@gmail.com"
            },
            "tags_all": {
              "Billing_Account": "78934728914",
              "Managed-By": "Terraform",
              "Name": "BB-PrivateSubnet-4",
              "Owner-Email": "ken2klass4real@gmail.com"
            },
            "timeouts": null,
            "vpc_id": "vpc-0b3c3deac84272a5a"
          },
          "private": "eyJlMmJmYjczMC1lY2FhLTExZTYtOGY4OC0zNDM2M2JjN2M0YzAiOnsiY3JlYXRlIjo2MDAwMDAwMDAwMDAsImRlbGV0ZSI6MTIwMDAwMDAwMDAwMH0sInNjaGVtYV92ZXJzaW9uIjoiMSJ9",
          "dependencies": [
            "aws_vpc.main",
            "data.aws_availability_zones.available"
          ]
        }
      ]
    },
    {
      "mode": "managed",
      "type": "aws_subnet",
      "name": "public",
      "provider": "provider[\"registry.terraform.io/hashicorp/aws\"]",
      "instances": [
        {
          "index_key": 0,
          "schema_version": 1,
          "attributes": {
            "arn": "arn:aws:ec2:us-east-1:941866453236:subnet/subnet-0e909168b2cce3197",
            "assign_ipv6_address_on_creation": false,
            "availability_zone": "us-east-1a",
            "availability_zone_id": "use1-az6",
            "cidr_block": "10.0.0.0/24",
            "customer_owned_ipv4_pool": "",
            "enable_dns64": false,
            "enable_lni_at_device_index": 0,
            "enable_resource_name_dns_a_record_on_launch": false,
            "enable_resource_name_dns_aaaa_record_on_launch": false,
            "id": "subnet-0e909168b2cce3197",
            "ipv6_cidr_block": "",
            "ipv6_cidr_block_association_id": "",
            "ipv6_native": false,
            "map_customer_owned_ip_on_launch": false,
            "map_public_ip_on_launch": true,
            "outpost_arn": "",
            "owner_id": "941866453236",
            "private_dns_hostname_type_on_launch": "ip-name",
            "tags": {
              "Billing_Account": "78934728914",
              "Managed-By": "Terraform",
              "Name": "BB-PublicSubnet-1",
              "Owner-Email": "ken2klass4real@gmail.com"
            },
            "tags_all": {
              "Billing_Account": "78934728914",
              "Managed-By": "Terraform",
              "Name": "BB-PublicSubnet-1",
              "Owner-Email": "ken2klass4real@gmail.com"
            },
            "timeouts": null,
            "vpc_id": "vpc-0b3c3deac84272a5a"
          },
          "private": "eyJlMmJmYjczMC1lY2FhLTExZTYtOGY4OC0zNDM2M2JjN2M0YzAiOnsiY3JlYXRlIjo2MDAwMDAwMDAwMDAsImRlbGV0ZSI6MTIwMDAwMDAwMDAwMH0sInNjaGVtYV92ZXJzaW9uIjoiMSJ9",
          "dependencies": [
            "aws_vpc.main",
            "data.aws_availability_zones.available"
          ]
        },
        {
          "index_key": 1,
          "schema_version": 1,
          "attributes": {
            "arn": "arn:aws:ec2:us-east-1:941866453236:subnet/subnet-0eb9eeb6f45b5ef6c",
            "assign_ipv6_address_on_creation": false,
            "availability_zone": "us-east-1b",
            "availability_zone_id": "use1-az1",
            "cidr_block": "10.0.1.0/24",
            "customer_owned_ipv4_pool": "",
            "enable_dns64": false,
            "enable_lni_at_device_index": 0,
            "enable_resource_name_dns_a_record_on_launch": false,
            "enable_resource_name_dns_aaaa_record_on_launch": false,
            "id": "subnet-0eb9eeb6f45b5ef6c",
            "ipv6_cidr_block": "",
            "ipv6_cidr_block_association_id": "",
            "ipv6_native": false,
            "map_customer_owned_ip_on_launch": false,
            "map_public_ip_on_launch": true,
            "outpost_arn": "",
            "owner_id": "941866453236",
            "private_dns_hostname_type_on_launch": "ip-name",
            "tags": {
              "Billing_Account": "78934728914",
              "Managed-By": "Terraform",
              "Name": "BB-PublicSubnet-2",
              "Owner-Email": "ken2klass4real@gmail.com"
            },
            "tags_all": {
              "Billing_Account": "78934728914",
              "Managed-By": "Terraform",
              "Name": "BB-PublicSubnet-2",
              "Owner-Email": "ken2klass4real@gmail.com"
            },
            "timeouts": null,
            "vpc_id": "vpc-0b3c3deac84272a5a"
          },
          "private": "eyJlMmJmYjczMC1lY2FhLTExZTYtOGY4OC0zNDM2M2JjN2M0YzAiOnsiY3JlYXRlIjo2MDAwMDAwMDAwMDAsImRlbGV0ZSI6MTIwMDAwMDAwMDAwMH0sInNjaGVtYV92ZXJzaW9uIjoiMSJ9",
          "dependencies": [
            "aws_vpc.main",
            "data.aws_availability_zones.available"
          ]
        }
      ]
    },
    {
      "mode": "managed",
      "type": "aws_vpc",
      "name": "main",
      "provider": "provider[\"registry.terraform.io/hashicorp/aws\"]",
      "instances": [
        {
          "schema_version": 1,
          "attributes": {
            "arn": "arn:aws:ec2:us-east-1:941866453236:vpc/vpc-0b3c3deac84272a5a",
            "assign_generated_ipv6_cidr_block": false,
            "cidr_block": "10.0.0.0/16",
            "default_network_acl_id": "acl-0165091e06f6c6b83",
            "default_route_table_id": "rtb-05b1a2543ad4bd826",
            "default_security_group_id": "sg-03bcd43495957c710",
            "dhcp_options_id": "dopt-01566985c80301c05",
            "enable_dns_hostnames": true,
            "enable_dns_support": true,
            "enable_network_address_usage_metrics": false,
            "id": "vpc-0b3c3deac84272a5a",
            "instance_tenancy": "default",
            "ipv4_ipam_pool_id": null,
            "ipv4_netmask_length": null,
            "ipv6_association_id": "",
            "ipv6_cidr_block": "",
            "ipv6_cidr_block_network_border_group": "",
            "ipv6_ipam_pool_id": "",
            "ipv6_netmask_length": 0,
            "main_route_table_id": "rtb-05b1a2543ad4bd826",
            "owner_id": "941866453236",
            "tags": {},
            "tags_all": {}
          },
          "private": "eyJzY2hlbWFfdmVyc2lvbiI6IjEifQ=="
        }
      ]
    },
    {
      "mode": "managed",
      "type": "random_shuffle",
      "name": "az_list",
      "provider": "provider[\"registry.terraform.io/hashicorp/random\"]",
      "instances": [
        {
          "schema_version": 0,
          "attributes": {
            "id": "-",
            "input": [
              "us-east-1a",
              "us-east-1b",
              "us-east-1c",
              "us-east-1d",
              "us-east-1e",
              "us-east-1f"
            ],
            "keepers": null,
            "result": [
              "us-east-1b",
              "us-east-1e",
              "us-east-1c",
              "us-east-1a",
              "us-east-1f",
              "us-east-1d"
            ],
            "result_count": null,
            "seed": null
          },
          "dependencies": [
            "data.aws_availability_zones.available"
          ]
        }
      ]
    }
  ]
}
